deps: {
  key: "kubernetes"
  value: {
    label: "com_github_protoconf_protoconf_kubernetes_f01a1ab"
    url: "git@github.com:protoconf/protoconf-kubernetes"
    commit: "f01a1ab"
    source_path: "src"
    exclude_file_regexps: "terraform"
    integrity: "h1:joQ7oPOk9fsAWwDtQk3XTE1jg2fxDB1SJdE4R5Wmxsg="
    getter_url: "git::ssh://git@github.com/protoconf/protoconf-kubernetes?depth=0&ref=f01a1ab"
    file_descriptor_set_sum: "e3b0c44298fc1c149afbf4c8996fb92427ae41e4649b934ca495991b7852b855"
  }
}
