{
  "version": 4,
  "terraform_version": "1.4.6",
  "serial": 224,
  "lineage": "ebe28391-f9bd-b26d-376a-a2af9b373604",
  "outputs": {},
  "resources": [
    {
      "mode": "managed",
      "type": "azurerm_resource_group",
      "name": "resource_group",
      "provider": "provider[\"registry.terraform.io/hashicorp/azurerm\"]",
      "instances": [
        {
          "schema_version": 0,
          "attributes": {
            "id": "/subscriptions/df142d14-6f36-4598-8bc2-bd45ae81e77e/resourceGroups/pconf-dev-southeastasia",
            "location": "southeastasia",
            "managed_by": "",
            "name": "pconf-dev-southeastasia",
            "tags": {},
            "timeouts": null
          },
          "sensitive_attributes": [],
          "private": "eyJlMmJmYjczMC1lY2FhLTExZTYtOGY4OC0zNDM2M2JjN2M0YzAiOnsiY3JlYXRlIjo1NDAwMDAwMDAwMDAwLCJkZWxldGUiOjU0MDAwMDAwMDAwMDAsInJlYWQiOjMwMDAwMDAwMDAwMCwidXBkYXRlIjo1NDAwMDAwMDAwMDAwfX0=",
          "create_before_destroy": true
        }
      ]
    },
    {
      "mode": "managed",
      "type": "helm_release",
      "name": "uptrace",
      "provider": "provider[\"registry.terraform.io/hashicorp/helm\"]",
      "instances": [
        {
          "schema_version": 1,
          "attributes": {
            "atomic": false,
            "chart": "uptrace",
            "cleanup_on_fail": false,
            "create_namespace": true,
            "dependency_update": false,
            "description": null,
            "devel": null,
            "disable_crd_hooks": false,
            "disable_openapi_validation": false,
            "disable_webhooks": false,
            "force_update": false,
            "id": "uptrace",
            "keyring": null,
            "lint": false,
            "manifest": null,
            "max_history": 0,
            "metadata": [
              {
                "app_version": "1.6.1",
                "chart": "uptrace",
                "name": "uptrace",
                "namespace": "uptrace",
                "revision": 1,
                "values": "{\"clickhouse\":{\"enabled\":true,\"image\":{\"pullPolicy\":\"IfNotPresent\",\"repository\":\"clickhouse/clickhouse-server\",\"tag\":\"23.7\"},\"imagePullSecrets\":[],\"persistence\":{\"enabled\":true,\"size\":\"80Gi\",\"storageClassName\":\"\"}},\"ingress\":{\"annotations\":{},\"className\":\"webapprouting.kubernetes.azure.com\",\"enabled\":true,\"hosts\":[{\"host\":\"uptrace-southeastasia.protoconf.dev\",\"paths\":[{\"path\":\"/\",\"pathType\":\"Prefix\"}]}]},\"otelcol\":{\"enabled\":false},\"postgresql\":{\"enabled\":true,\"image\":{\"pullPolicy\":\"IfNotPresent\",\"repository\":\"postgres\",\"tag\":\"15-alpine\"},\"imagePullSecrets\":[]}}",
                "version": "1.6.1"
              }
            ],
            "name": "uptrace",
            "namespace": "uptrace",
            "pass_credentials": false,
            "postrender": [],
            "recreate_pods": false,
            "render_subchart_notes": true,
            "replace": false,
            "repository": "https://charts.uptrace.dev",
            "repository_ca_file": null,
            "repository_cert_file": null,
            "repository_key_file": null,
            "repository_password": null,
            "repository_username": null,
            "reset_values": false,
            "reuse_values": false,
            "set": [],
            "set_list": [],
            "set_sensitive": [],
            "skip_crds": false,
            "status": "deployed",
            "timeout": 300,
            "values": [
              "clickhouse:\n  enabled: true\n  image:\n    pullPolicy: IfNotPresent\n    repository: clickhouse/clickhouse-server\n    tag: \"23.7\"\n  imagePullSecrets: []\n  persistence:\n    enabled: true\n    size: 80Gi\n    storageClassName: \"\"\ningress:\n  annotations: {}\n  className: webapprouting.kubernetes.azure.com\n  enabled: true\n  hosts:\n  - host: uptrace-southeastasia.protoconf.dev\n    paths:\n    - path: /\n      pathType: Prefix\notelcol:\n  enabled: false\npostgresql:\n  enabled: true\n  image:\n    pullPolicy: IfNotPresent\n    repository: postgres\n    tag: 15-alpine\n  imagePullSecrets: []\n"
            ],
            "verify": false,
            "version": "1.6.1",
            "wait": true,
            "wait_for_jobs": false
          },
          "sensitive_attributes": [],
          "private": "eyJzY2hlbWFfdmVyc2lvbiI6IjEifQ==",
          "dependencies": [
            "azurerm_resource_group.resource_group",
            "module.aks_cluster.azapi_update_resource.aks_cluster_post_create",
            "module.aks_cluster.azurerm_kubernetes_cluster.main",
            "module.aks_cluster.azurerm_kubernetes_cluster_node_pool.node_pool",
            "module.aks_cluster.azurerm_log_analytics_solution.main",
            "module.aks_cluster.azurerm_log_analytics_workspace.main",
            "module.aks_cluster.azurerm_role_assignment.acr",
            "module.aks_cluster.azurerm_role_assignment.network_contributor",
            "module.aks_cluster.azurerm_role_assignment.network_contributor_on_subnet",
            "module.aks_cluster.data.azurerm_log_analytics_workspace.main",
            "module.aks_cluster.data.azurerm_resource_group.main",
            "module.aks_cluster.data.azurerm_user_assigned_identity.cluster_identity",
            "module.aks_cluster.null_resource.kubernetes_version_keeper",
            "module.aks_cluster.null_resource.pool_name_keeper",
            "module.aks_cluster.tls_private_key.ssh"
          ]
        }
      ]
    },
    {
      "mode": "managed",
      "type": "kubernetes_daemon_set_v1",
      "name": "protoconf-agent",
      "provider": "provider[\"registry.terraform.io/hashicorp/kubernetes\"]",
      "instances": [
        {
          "schema_version": 1,
          "attributes": {
            "id": "protoconf/protoconf-agent",
            "metadata": [
              {
                "annotations": {},
                "generate_name": "",
                "generation": 5,
                "labels": {
                  "port_name": "protoconf"
                },
                "name": "protoconf-agent",
                "namespace": "protoconf",
                "resource_version": "6305335",
                "uid": "efa58a25-703d-4eae-8aee-71c8d2720093"
              }
            ],
            "spec": [
              {
                "min_ready_seconds": 0,
                "revision_history_limit": 10,
                "selector": [
                  {
                    "match_expressions": [],
                    "match_labels": {
                      "port_name": "protoconf"
                    }
                  }
                ],
                "strategy": [
                  {
                    "rolling_update": [
                      {
                        "max_unavailable": "1"
                      }
                    ],
                    "type": "RollingUpdate"
                  }
                ],
                "template": [
                  {
                    "metadata": [
                      {
                        "annotations": {},
                        "generate_name": "",
                        "generation": 0,
                        "labels": {
                          "port_name": "protoconf"
                        },
                        "name": "",
                        "namespace": "",
                        "resource_version": "",
                        "uid": ""
                      }
                    ],
                    "spec": [
                      {
                        "active_deadline_seconds": 0,
                        "affinity": [],
                        "automount_service_account_token": true,
                        "container": [
                          {
                            "args": [
                              "agent",
                              "-store",
                              "etcd",
                              "-store-address",
                              "etcd:2380"
                            ],
                            "command": [],
                            "env": [],
                            "env_from": [],
                            "image": "ghcr.io/protoconf/protoconf:latest",
                            "image_pull_policy": "Always",
                            "lifecycle": [],
                            "liveness_probe": [],
                            "name": "protoconf-agent",
                            "port": [
                              {
                                "container_port": 4300,
                                "host_ip": "",
                                "host_port": 0,
                                "name": "protoconf",
                                "protocol": "TCP"
                              }
                            ],
                            "readiness_probe": [],
                            "resources": [
                              {
                                "limits": {},
                                "requests": {}
                              }
                            ],
                            "security_context": [],
                            "startup_probe": [],
                            "stdin": false,
                            "stdin_once": false,
                            "termination_message_path": "/dev/termination-log",
                            "termination_message_policy": "File",
                            "tty": false,
                            "volume_mount": [],
                            "working_dir": ""
                          }
                        ],
                        "dns_config": [],
                        "dns_policy": "ClusterFirst",
                        "enable_service_links": true,
                        "host_aliases": [],
                        "host_ipc": false,
                        "host_network": false,
                        "host_pid": false,
                        "hostname": "",
                        "image_pull_secrets": [],
                        "init_container": [],
                        "node_name": "",
                        "node_selector": {},
                        "os": [],
                        "priority_class_name": "",
                        "readiness_gate": [],
                        "restart_policy": "Always",
                        "runtime_class_name": "",
                        "scheduler_name": "default-scheduler",
                        "security_context": [],
                        "service_account_name": "",
                        "share_process_namespace": false,
                        "subdomain": "",
                        "termination_grace_period_seconds": 30,
                        "toleration": [],
                        "topology_spread_constraint": [],
                        "volume": []
                      }
                    ]
                  }
                ]
              }
            ],
            "timeouts": null,
            "wait_for_rollout": true
          },
          "sensitive_attributes": [],
          "private": "eyJlMmJmYjczMC1lY2FhLTExZTYtOGY4OC0zNDM2M2JjN2M0YzAiOnsiY3JlYXRlIjo2MDAwMDAwMDAwMDAsImRlbGV0ZSI6NjAwMDAwMDAwMDAwLCJ1cGRhdGUiOjYwMDAwMDAwMDAwMH0sInNjaGVtYV92ZXJzaW9uIjoiMSJ9",
          "dependencies": [
            "azurerm_resource_group.resource_group",
            "module.aks_cluster.azurerm_kubernetes_cluster.main",
            "module.aks_cluster.azurerm_log_analytics_workspace.main",
            "module.aks_cluster.data.azurerm_resource_group.main",
            "module.aks_cluster.tls_private_key.ssh"
          ]
        }
      ]
    },
    {
      "mode": "managed",
      "type": "kubernetes_namespace",
      "name": "protoconf",
      "provider": "provider[\"registry.terraform.io/hashicorp/kubernetes\"]",
      "instances": [
        {
          "schema_version": 0,
          "attributes": {
            "id": "protoconf",
            "metadata": [
              {
                "annotations": {},
                "generate_name": "",
                "generation": 0,
                "labels": {},
                "name": "protoconf",
                "resource_version": "2264056",
                "uid": "0ada53ce-765d-4bd5-9928-772156ba484b"
              }
            ],
            "timeouts": null,
            "wait_for_default_service_account": false
          },
          "sensitive_attributes": [],
          "private": "eyJlMmJmYjczMC1lY2FhLTExZTYtOGY4OC0zNDM2M2JjN2M0YzAiOnsiZGVsZXRlIjozMDAwMDAwMDAwMDB9fQ==",
          "dependencies": [
            "azurerm_resource_group.resource_group",
            "module.aks_cluster.azurerm_kubernetes_cluster.main",
            "module.aks_cluster.azurerm_log_analytics_workspace.main",
            "module.aks_cluster.data.azurerm_resource_group.main",
            "module.aks_cluster.tls_private_key.ssh"
          ]
        }
      ]
    },
    {
      "mode": "managed",
      "type": "kubernetes_service",
      "name": "etcd",
      "provider": "provider[\"registry.terraform.io/hashicorp/kubernetes\"]",
      "instances": [
        {
          "schema_version": 1,
          "attributes": {
            "id": "protoconf/etcd",
            "metadata": [
              {
                "annotations": {},
                "generate_name": "",
                "generation": 0,
                "labels": {},
                "name": "etcd",
                "namespace": "protoconf",
                "resource_version": "2264057",
                "uid": "24bc65af-cf1b-4986-b304-9c6523bc35ce"
              }
            ],
            "spec": [
              {
                "allocate_load_balancer_node_ports": true,
                "cluster_ip": "None",
                "cluster_ips": [
                  "None"
                ],
                "external_ips": [],
                "external_name": "",
                "external_traffic_policy": "",
                "health_check_node_port": 0,
                "internal_traffic_policy": "Cluster",
                "ip_families": [
                  "IPv4"
                ],
                "ip_family_policy": "SingleStack",
                "load_balancer_class": "",
                "load_balancer_ip": "",
                "load_balancer_source_ranges": [],
                "port": [
                  {
                    "app_protocol": "",
                    "name": "client",
                    "node_port": 0,
                    "port": 2379,
                    "protocol": "TCP",
                    "target_port": "2379"
                  }
                ],
                "publish_not_ready_addresses": false,
                "selector": {
                  "port_name": "etcd"
                },
                "session_affinity": "None",
                "session_affinity_config": [],
                "type": "ClusterIP"
              }
            ],
            "status": [
              {
                "load_balancer": [
                  {
                    "ingress": []
                  }
                ]
              }
            ],
            "timeouts": null,
            "wait_for_load_balancer": true
          },
          "sensitive_attributes": [],
          "private": "eyJlMmJmYjczMC1lY2FhLTExZTYtOGY4OC0zNDM2M2JjN2M0YzAiOnsiY3JlYXRlIjo2MDAwMDAwMDAwMDB9LCJzY2hlbWFfdmVyc2lvbiI6IjEifQ==",
          "dependencies": [
            "azurerm_resource_group.resource_group",
            "module.aks_cluster.azurerm_kubernetes_cluster.main",
            "module.aks_cluster.azurerm_log_analytics_workspace.main",
            "module.aks_cluster.data.azurerm_resource_group.main",
            "module.aks_cluster.tls_private_key.ssh"
          ]
        }
      ]
    },
    {
      "mode": "managed",
      "type": "kubernetes_service",
      "name": "etcd-client",
      "provider": "provider[\"registry.terraform.io/hashicorp/kubernetes\"]",
      "instances": [
        {
          "schema_version": 1,
          "attributes": {
            "id": "protoconf/etcd-client",
            "metadata": [
              {
                "annotations": {},
                "generate_name": "",
                "generation": 0,
                "labels": {},
                "name": "etcd-client",
                "namespace": "protoconf",
                "resource_version": "2264059",
                "uid": "143df247-9772-442f-9705-559d46d94772"
              }
            ],
            "spec": [
              {
                "allocate_load_balancer_node_ports": true,
                "cluster_ip": "10.0.114.147",
                "cluster_ips": [
                  "10.0.114.147"
                ],
                "external_ips": [],
                "external_name": "",
                "external_traffic_policy": "",
                "health_check_node_port": 0,
                "internal_traffic_policy": "Cluster",
                "ip_families": [
                  "IPv4"
                ],
                "ip_family_policy": "SingleStack",
                "load_balancer_class": "",
                "load_balancer_ip": "",
                "load_balancer_source_ranges": [],
                "port": [
                  {
                    "app_protocol": "",
                    "name": "etcd-client",
                    "node_port": 0,
                    "port": 2379,
                    "protocol": "TCP",
                    "target_port": "2379"
                  }
                ],
                "publish_not_ready_addresses": false,
                "selector": {
                  "port_name": "etcd-client"
                },
                "session_affinity": "None",
                "session_affinity_config": [],
                "type": "ClusterIP"
              }
            ],
            "status": [
              {
                "load_balancer": [
                  {
                    "ingress": []
                  }
                ]
              }
            ],
            "timeouts": null,
            "wait_for_load_balancer": true
          },
          "sensitive_attributes": [],
          "private": "eyJlMmJmYjczMC1lY2FhLTExZTYtOGY4OC0zNDM2M2JjN2M0YzAiOnsiY3JlYXRlIjo2MDAwMDAwMDAwMDB9LCJzY2hlbWFfdmVyc2lvbiI6IjEifQ==",
          "dependencies": [
            "azurerm_resource_group.resource_group",
            "module.aks_cluster.azurerm_kubernetes_cluster.main",
            "module.aks_cluster.azurerm_log_analytics_workspace.main",
            "module.aks_cluster.data.azurerm_resource_group.main",
            "module.aks_cluster.tls_private_key.ssh"
          ]
        }
      ]
    },
    {
      "mode": "managed",
      "type": "kubernetes_service",
      "name": "protoconf",
      "provider": "provider[\"registry.terraform.io/hashicorp/kubernetes\"]",
      "instances": [
        {
          "schema_version": 1,
          "attributes": {
            "id": "protoconf/protoconf",
            "metadata": [
              {
                "annotations": {},
                "generate_name": "",
                "generation": 0,
                "labels": {},
                "name": "protoconf",
                "namespace": "protoconf",
                "resource_version": "2266683",
                "uid": "ea5ca582-55c4-40fa-a1da-d3403c902d91"
              }
            ],
            "spec": [
              {
                "allocate_load_balancer_node_ports": true,
                "cluster_ip": "10.0.117.167",
                "cluster_ips": [
                  "10.0.117.167"
                ],
                "external_ips": [],
                "external_name": "",
                "external_traffic_policy": "",
                "health_check_node_port": 0,
                "internal_traffic_policy": "Cluster",
                "ip_families": [
                  "IPv4"
                ],
                "ip_family_policy": "SingleStack",
                "load_balancer_class": "",
                "load_balancer_ip": "",
                "load_balancer_source_ranges": [],
                "port": [
                  {
                    "app_protocol": "",
                    "name": "protoconf",
                    "node_port": 0,
                    "port": 4300,
                    "protocol": "TCP",
                    "target_port": "4300"
                  }
                ],
                "publish_not_ready_addresses": false,
                "selector": {
                  "port_name": "protoconf"
                },
                "session_affinity": "None",
                "session_affinity_config": [],
                "type": "ClusterIP"
              }
            ],
            "status": [
              {
                "load_balancer": [
                  {
                    "ingress": []
                  }
                ]
              }
            ],
            "timeouts": null,
            "wait_for_load_balancer": true
          },
          "sensitive_attributes": [],
          "private": "eyJlMmJmYjczMC1lY2FhLTExZTYtOGY4OC0zNDM2M2JjN2M0YzAiOnsiY3JlYXRlIjo2MDAwMDAwMDAwMDB9LCJzY2hlbWFfdmVyc2lvbiI6IjEifQ==",
          "dependencies": [
            "azurerm_resource_group.resource_group",
            "module.aks_cluster.azurerm_kubernetes_cluster.main",
            "module.aks_cluster.azurerm_log_analytics_workspace.main",
            "module.aks_cluster.data.azurerm_resource_group.main",
            "module.aks_cluster.tls_private_key.ssh"
          ]
        }
      ]
    },
    {
      "mode": "managed",
      "type": "kubernetes_stateful_set",
      "name": "etcd",
      "provider": "provider[\"registry.terraform.io/hashicorp/kubernetes\"]",
      "instances": [
        {
          "status": "tainted",
          "schema_version": 1,
          "attributes": {
            "id": "protoconf/etcd",
            "metadata": [
              {
                "annotations": null,
                "generate_name": "",
                "generation": 0,
                "labels": {
                  "port_name": "etcd"
                },
                "name": "etcd",
                "namespace": "protoconf",
                "resource_version": "",
                "uid": ""
              }
            ],
            "spec": [
              {
                "persistent_volume_claim_retention_policy": [],
                "pod_management_policy": "",
                "replicas": "3",
                "revision_history_limit": 0,
                "selector": [
                  {
                    "match_expressions": [],
                    "match_labels": {
                      "port_name": "etcd"
                    }
                  }
                ],
                "service_name": "etcd",
                "template": [
                  {
                    "metadata": [
                      {
                        "annotations": null,
                        "generate_name": "",
                        "generation": 0,
                        "labels": {
                          "port_name": "etcd"
                        },
                        "name": "",
                        "namespace": "",
                        "resource_version": "",
                        "uid": ""
                      }
                    ],
                    "spec": [
                      {
                        "active_deadline_seconds": 0,
                        "affinity": [],
                        "automount_service_account_token": true,
                        "container": [
                          {
                            "args": null,
                            "command": [
                              "sh",
                              "-c",
                              "etcd --name ${HOSTNAME} --advertise-client-urls http://${HOSTNAME}.etcd:2379 --initial-advertise-peer-urls http://${HOSTNAME}:2380 --initial-cluster etcd-0=http://etcd-0.etcd:2380,etcd-1=http://etcd-1.etcd:2380,etcd-2=http://etcd-2.etcd:2380"
                            ],
                            "env": [
                              {
                                "name": "ETCD_LISTEN_PEER_URLS",
                                "value": "http://0.0.0.0:2380",
                                "value_from": []
                              },
                              {
                                "name": "ETCD_LISTEN_CLIENT_URLS",
                                "value": "http://0.0.0.0:2379",
                                "value_from": []
                              },
                              {
                                "name": "ETCD_DATA_DIR",
                                "value": "/var/run/etcd/default.etcd",
                                "value_from": []
                              }
                            ],
                            "env_from": [],
                            "image": "quay.io/coreos/etcd:latest",
                            "image_pull_policy": "",
                            "lifecycle": [],
                            "liveness_probe": [],
                            "name": "etcd",
                            "port": [
                              {
                                "container_port": 2379,
                                "host_ip": "",
                                "host_port": 0,
                                "name": "etcd-client",
                                "protocol": "TCP"
                              },
                              {
                                "container_port": 2380,
                                "host_ip": "",
                                "host_port": 0,
                                "name": "peer",
                                "protocol": "TCP"
                              },
                              {
                                "container_port": 2379,
                                "host_ip": "",
                                "host_port": 0,
                                "name": "client",
                                "protocol": "TCP"
                              }
                            ],
                            "readiness_probe": [],
                            "resources": [],
                            "security_context": [],
                            "startup_probe": [],
                            "stdin": false,
                            "stdin_once": false,
                            "termination_message_path": "/dev/termination-log",
                            "termination_message_policy": "",
                            "tty": false,
                            "volume_mount": [
                              {
                                "mount_path": "/var/run/etcd",
                                "mount_propagation": "None",
                                "name": "data",
                                "read_only": false,
                                "sub_path": ""
                              }
                            ],
                            "working_dir": ""
                          }
                        ],
                        "dns_config": [],
                        "dns_policy": "ClusterFirst",
                        "enable_service_links": true,
                        "host_aliases": [],
                        "host_ipc": false,
                        "host_network": false,
                        "host_pid": false,
                        "hostname": "",
                        "image_pull_secrets": [],
                        "init_container": [],
                        "node_name": "",
                        "node_selector": null,
                        "os": [],
                        "priority_class_name": "",
                        "readiness_gate": [],
                        "restart_policy": "Always",
                        "runtime_class_name": "",
                        "scheduler_name": "",
                        "security_context": [],
                        "service_account_name": "",
                        "share_process_namespace": false,
                        "subdomain": "",
                        "termination_grace_period_seconds": 30,
                        "toleration": [],
                        "topology_spread_constraint": [],
                        "volume": []
                      }
                    ]
                  }
                ],
                "update_strategy": [],
                "volume_claim_template": [
                  {
                    "metadata": [
                      {
                        "annotations": null,
                        "generate_name": "",
                        "generation": 0,
                        "labels": null,
                        "name": "data",
                        "namespace": "protoconf",
                        "resource_version": "",
                        "uid": ""
                      }
                    ],
                    "spec": [
                      {
                        "access_modes": [
                          "ReadWriteOnce"
                        ],
                        "resources": [
                          {
                            "limits": null,
                            "requests": {
                              "storage": "10Gi"
                            }
                          }
                        ],
                        "selector": [],
                        "storage_class_name": "",
                        "volume_mode": "",
                        "volume_name": ""
                      }
                    ]
                  }
                ]
              }
            ],
            "timeouts": null,
            "wait_for_rollout": true
          },
          "sensitive_attributes": [],
          "private": "eyJlMmJmYjczMC1lY2FhLTExZTYtOGY4OC0zNDM2M2JjN2M0YzAiOnsiY3JlYXRlIjo2MDAwMDAwMDAwMDAsImRlbGV0ZSI6NjAwMDAwMDAwMDAwLCJyZWFkIjo2MDAwMDAwMDAwMDAsInVwZGF0ZSI6NjAwMDAwMDAwMDAwfSwic2NoZW1hX3ZlcnNpb24iOiIxIn0=",
          "dependencies": [
            "azurerm_resource_group.resource_group",
            "module.aks_cluster.azurerm_kubernetes_cluster.main",
            "module.aks_cluster.azurerm_log_analytics_workspace.main",
            "module.aks_cluster.data.azurerm_resource_group.main",
            "module.aks_cluster.tls_private_key.ssh"
          ]
        }
      ]
    },
    {
      "module": "module.aks_cluster",
      "mode": "data",
      "type": "azurerm_resource_group",
      "name": "main",
      "provider": "provider[\"registry.terraform.io/hashicorp/azurerm\"]",
      "instances": [
        {
          "schema_version": 0,
          "attributes": {
            "id": "/subscriptions/df142d14-6f36-4598-8bc2-bd45ae81e77e/resourceGroups/pconf-dev-southeastasia",
            "location": "southeastasia",
            "managed_by": "",
            "name": "pconf-dev-southeastasia",
            "tags": {},
            "timeouts": null
          },
          "sensitive_attributes": []
        }
      ]
    },
    {
      "module": "module.aks_cluster",
      "mode": "managed",
      "type": "azapi_update_resource",
      "name": "aks_cluster_post_create",
      "provider": "provider[\"registry.terraform.io/azure/azapi\"]",
      "instances": [
        {
          "schema_version": 0,
          "attributes": {
            "body": "{\"properties\":{\"kubernetesVersion\":\"1.27.9\"}}",
            "id": "/subscriptions/df142d14-6f36-4598-8bc2-bd45ae81e77e/resourceGroups/pconf-dev-southeastasia/providers/Microsoft.ContainerService/managedClusters/pconf-dev-southeastasia-aks",
            "ignore_body_changes": null,
            "ignore_casing": false,
            "ignore_missing_property": true,
            "locks": null,
            "name": "pconf-dev-southeastasia-aks",
            "output": "{}",
            "parent_id": "/subscriptions/df142d14-6f36-4598-8bc2-bd45ae81e77e/resourceGroups/pconf-dev-southeastasia",
            "resource_id": "/subscriptions/df142d14-6f36-4598-8bc2-bd45ae81e77e/resourceGroups/pconf-dev-southeastasia/providers/Microsoft.ContainerService/managedClusters/pconf-dev-southeastasia-aks",
            "response_export_values": null,
            "timeouts": null,
            "type": "Microsoft.ContainerService/managedClusters@2023-01-02-preview"
          },
          "sensitive_attributes": [],
          "private": "eyJlMmJmYjczMC1lY2FhLTExZTYtOGY4OC0zNDM2M2JjN2M0YzAiOnsiY3JlYXRlIjoxODAwMDAwMDAwMDAwLCJkZWxldGUiOjE4MDAwMDAwMDAwMDAsInJlYWQiOjMwMDAwMDAwMDAwMCwidXBkYXRlIjoxODAwMDAwMDAwMDAwfX0=",
          "dependencies": [
            "azurerm_resource_group.resource_group",
            "module.aks_cluster.azurerm_kubernetes_cluster.main",
            "module.aks_cluster.azurerm_log_analytics_workspace.main",
            "module.aks_cluster.data.azurerm_resource_group.main",
            "module.aks_cluster.null_resource.kubernetes_version_keeper",
            "module.aks_cluster.tls_private_key.ssh"
          ],
          "create_before_destroy": true
        }
      ]
    },
    {
      "module": "module.aks_cluster",
      "mode": "managed",
      "type": "azurerm_kubernetes_cluster",
      "name": "main",
      "provider": "provider[\"registry.terraform.io/hashicorp/azurerm\"]",
      "instances": [
        {
          "schema_version": 2,
          "attributes": {
            "aci_connector_linux": [],
            "api_server_access_profile": [],
            "api_server_authorized_ip_ranges": [],
            "auto_scaler_profile": [],
            "automatic_channel_upgrade": "",
            "azure_active_directory_role_based_access_control": [],
            "azure_policy_enabled": false,
            "confidential_computing": [],
            "current_kubernetes_version": "1.27.9",
            "custom_ca_trust_certificates_base64": [],
            "default_node_pool": [
              {
                "capacity_reservation_group_id": "",
                "custom_ca_trust_enabled": false,
                "enable_auto_scaling": false,
                "enable_host_encryption": false,
                "enable_node_public_ip": false,
                "fips_enabled": false,
                "gpu_instance": "",
                "host_group_id": "",
                "kubelet_config": [],
                "kubelet_disk_type": "OS",
                "linux_os_config": [],
                "max_count": 0,
                "max_pods": 110,
                "message_of_the_day": "",
                "min_count": 0,
                "name": "nodepool",
                "node_count": 2,
                "node_labels": {},
                "node_network_profile": [],
                "node_public_ip_prefix_id": "",
                "node_taints": [],
                "only_critical_addons_enabled": false,
                "orchestrator_version": "1.27.9",
                "os_disk_size_gb": 50,
                "os_disk_type": "Managed",
                "os_sku": "Ubuntu",
                "pod_subnet_id": "",
                "proximity_placement_group_id": "",
                "scale_down_mode": "Delete",
                "snapshot_id": "",
                "tags": {},
                "temporary_name_for_rotation": "",
                "type": "VirtualMachineScaleSets",
                "ultra_ssd_enabled": false,
                "upgrade_settings": [],
                "vm_size": "Standard_D2s_v3",
                "vnet_subnet_id": "",
                "workload_runtime": "",
                "zones": []
              }
            ],
            "disk_encryption_set_id": "",
            "dns_prefix": "pconf-dev-southeastasia",
            "dns_prefix_private_cluster": "",
            "edge_zone": "",
            "enable_pod_security_policy": false,
            "fqdn": "pconf-dev-southeastasia-lb2cfsei.hcp.southeastasia.azmk8s.io",
            "http_application_routing_enabled": false,
            "http_application_routing_zone_name": "",
            "http_proxy_config": [],
            "id": "/subscriptions/df142d14-6f36-4598-8bc2-bd45ae81e77e/resourceGroups/pconf-dev-southeastasia/providers/Microsoft.ContainerService/managedClusters/pconf-dev-southeastasia-aks",
            "identity": [
              {
                "identity_ids": [],
                "principal_id": "af8a6eca-0200-4b5f-a4e4-846524f0a8be",
                "tenant_id": "fc5b7b59-7290-4d39-853d-8085996c93f9",
                "type": "SystemAssigned"
              }
            ],
            "image_cleaner_enabled": false,
            "image_cleaner_interval_hours": 48,
            "ingress_application_gateway": [],
            "key_management_service": [],
            "key_vault_secrets_provider": [],
            "kube_admin_config": [],
            "kube_admin_config_raw": "",
            "kube_config": [
              {
                "client_certificate": "LS0tLS1CRUdJTiBDRVJUSUZJQ0FURS0tLS0tCk1JSUZIakNDQXdhZ0F3SUJBZ0lSQUtXZEFJSm9mUThHOUs0SFlSUDZnQnN3RFFZSktvWklodmNOQVFFTEJRQXcKRFRFTE1Ba0dBMVVFQXhNQ1kyRXdIaGNOTWpRd016QTNNVE0wTWpRMFdoY05Nall3TXpBM01UTTFNalEwV2pBdwpNUmN3RlFZRFZRUUtFdzV6ZVhOMFpXMDZiV0Z6ZEdWeWN6RVZNQk1HQTFVRUF4TU1iV0Z6ZEdWeVkyeHBaVzUwCk1JSUNJakFOQmdrcWhraUc5dzBCQVFFRkFBT0NBZzhBTUlJQ0NnS0NBZ0VBdWF0RzNIdlJCOHFBNkJVSzk0Um0KRHE3UDFEQ0ZET2RxUjZRSjVTQ3lXWm1FTVMwNkdkeTA4N09qQ1JWaG4rTDdxVGRXSnZLWVlRdVFRUWxYZkt2awpxTnJ4aUViOGdseEV3QUFqVmJDdTdvOGFWMXhhWGp5eXhsNVJuTWxDWTJJaGZqSTVmbDc3eFFiSHVjOTRNZUhoCmdNVWxadGhMaElOZHNINGZ1bWxrOGlNQzljaHFlU0ordjlIUE0yNFJ1RGhPY2FrMWNwbmV4NUdWU21Ec0svNmsKQS9SN0JyTGxrSURlZUVtZXEvU0MvWkRaczM5UmZYaHpVc2NxaDdJT205WDRyNWxCaXJRZUlCVHcyZWhxNVVTOQpXaVJjV210bllMajRGWmxUdUJMOVNSSW9DR2lkTitBdTg3UlNDWEpoNklpZDJVWkJSYnk1NitkOXAwRHRoQU43CjVGbG5td0ZSRERLak9KdCs1bTRrQjlJd0U2WlBJVjZhaitRejUwQy81Z1h4NzhBTW1MSDZBaWgrbTd6Z3dsaFUKYlh4U2w0K2UrSzRaS1VnTEFsTlVHK1FWeHVEYTFQMXErRDJmUmpNYmZYem56cmhrUERtVEV1UUtiZS92UTVJdwp6VU1vQ1dnS0U1MjJSOE5sK0NUSE00MTlPM3kxRWZVd0lkSmNuT0lPdmtKZXhsRnFBNHBXNWFoRDVJbGpOcFB3Cit6V1p0dUptR0hwaytGNWdhWTV6YWF2cWU0VEVVRzFHU3ROdUFoVkRGQld5b1dtblBYR0d4dWlZWWRIOVl2bzYKR1l1akdNSEY3Um9sbFhFNldoSjZmUnZWUER5TVArS08rTG5DMUdmdFZKdW1nK2dNRHpPUnE1ZzNFbEFmNnJXdApCNVB3ZkNxRk9ySVA0RDVpRnB2ZDYzY0NBd0VBQWFOV01GUXdEZ1lEVlIwUEFRSC9CQVFEQWdXZ01CTUdBMVVkCkpRUU1NQW9HQ0NzR0FRVUZCd01DTUF3R0ExVWRFd0VCL3dRQ01BQXdId1lEVlIwakJCZ3dGb0FVMEFUOFppVTMKc0xITGFBNzZCd0JWR0tiNStrc3dEUVlKS29aSWh2Y05BUUVMQlFBRGdnSUJBRnpFVXo5YjFwcGw3UUk0cUhVWgpvQ1hUbTJrckNmMGw4RklXTzdiOFBPTXhKOHpxcksxQ24zRjB5UWNlbVNFeTZYRmpQVjRMMm1kQzk0eXVKR2U0CjBQa0UxWk9iKzBKZEhpT3NqOG9rcldGSDd1eWxZQUZ1bjJQMWtxdjlrYW1lNSs2Z3dIeXU0MGgvWFU5VXltT0UKSG1oYU1nM1R1NnJoQUtlbHN1OVltL0VmcGIzVDJ5Q2VmeFdjd3FxL2k0ZXc2WnZmQkI5ZlJNR0g4WEtlYzJKagpUMVVGTW90S3QrVjJ6MDcrUURwOCt0NThZMmw3OVlzeUNyVEd1MlhJcGlGTnY0R0JRYUhRQXFNeFFuamxDdCtFCmpubm1iVjZaVVVHUDBaK01KemtMeXJZYTFJTGpLQ3JUVnQ5eDlGai9yallsUDIrWkxCQzlDTmMvTzVqVFRiSi8KeWlPczkxeEJPYWRwY1B4TWNjYVRybUh5bGpuR1hqZXlNbSthM3NVY3k4cXdGSk1TWnFwUlVtM2xiTk5jM1UwUwo4ZW93Y0k3WW1mVk9uazlqRU1uVmpVaGxNUzJ5dGNNTlo2N3h2MkkrbnRzUXR4NzZqNTRERVczS3dScGpKY2NVCnloUjE5cnhpQU5IZVpYY2hTMTRyTjlmN2UrMTEyeG1YSTRSUmF1aFdWV3BMc2JEdEkrVUlCQjZDa2lLSVBXMzAKVk0yMFdwNEllL0RSMHFkck94bXlHcUw3MHFwZ2ZqVWxSNnBlYjRuYmhsME9HNUp1NTBmN3F5bndwc2NnSXFZeQpvRDdpdEtVT1hDbTh6U254bHlHUmpobzhYZXhibUtMZG55b2lTMGs0ZzJoWDBJN1h6cXhFUGZKTjltaGsvRWoxCmROY0JQeEdWTERnUVJ6b25heDk5OVhoMQotLS0tLUVORCBDRVJUSUZJQ0FURS0tLS0tCg==",
                "client_key": "LS0tLS1CRUdJTiBSU0EgUFJJVkFURSBLRVktLS0tLQpNSUlKS0FJQkFBS0NBZ0VBdWF0RzNIdlJCOHFBNkJVSzk0Um1EcTdQMURDRkRPZHFSNlFKNVNDeVdabUVNUzA2CkdkeTA4N09qQ1JWaG4rTDdxVGRXSnZLWVlRdVFRUWxYZkt2a3FOcnhpRWI4Z2x4RXdBQWpWYkN1N284YVYxeGEKWGp5eXhsNVJuTWxDWTJJaGZqSTVmbDc3eFFiSHVjOTRNZUhoZ01VbFp0aExoSU5kc0g0ZnVtbGs4aU1DOWNocQplU0ordjlIUE0yNFJ1RGhPY2FrMWNwbmV4NUdWU21Ec0svNmtBL1I3QnJMbGtJRGVlRW1lcS9TQy9aRFpzMzlSCmZYaHpVc2NxaDdJT205WDRyNWxCaXJRZUlCVHcyZWhxNVVTOVdpUmNXbXRuWUxqNEZabFR1Qkw5U1JJb0NHaWQKTitBdTg3UlNDWEpoNklpZDJVWkJSYnk1NitkOXAwRHRoQU43NUZsbm13RlJEREtqT0p0KzVtNGtCOUl3RTZaUApJVjZhaitRejUwQy81Z1h4NzhBTW1MSDZBaWgrbTd6Z3dsaFViWHhTbDQrZStLNFpLVWdMQWxOVUcrUVZ4dURhCjFQMXErRDJmUmpNYmZYem56cmhrUERtVEV1UUtiZS92UTVJd3pVTW9DV2dLRTUyMlI4TmwrQ1RITTQxOU8zeTEKRWZVd0lkSmNuT0lPdmtKZXhsRnFBNHBXNWFoRDVJbGpOcFB3K3pXWnR1Sm1HSHBrK0Y1Z2FZNXphYXZxZTRURQpVRzFHU3ROdUFoVkRGQld5b1dtblBYR0d4dWlZWWRIOVl2bzZHWXVqR01IRjdSb2xsWEU2V2hKNmZSdlZQRHlNClArS08rTG5DMUdmdFZKdW1nK2dNRHpPUnE1ZzNFbEFmNnJXdEI1UHdmQ3FGT3JJUDRENWlGcHZkNjNjQ0F3RUEKQVFLQ0FnQmZjSU9FWXNFWVdDZmJKTFgyZGNCZ1c4dkpMd2Uxa2w4M1pFTVIzTFRSQ2ZEQnRwWGZKV3grdVNCZApVdmhUejhHOVFneXZDSlQ3alk0aFlFUHdlZ3VZSUxOM2NjWHEzTE1hWHZmSzNIK1BjVkFCQ0NBTHdQZkVzRWNUCmFRRVBSU29pVEg3eFRySHNuWWVkSStDTkE2ZC9JZGdQL2E4VDl0TDZIbHNBMzV4Y08xTVNOR3RHeVV5T0hiTjgKcEYvSGFtb29VdXArZGtubUhCZTVuQWpLdEtKcXhnbFhjQzVCRVgxS0o4M0FabmZQRDk1WVBtSU5OUlZTdjc1RQo4bXBBQU1WTXZtTEtnYnZha2VrY21qUVlsalVmV1FHQUdTV1N1b0lMMkQwSXFmbzR6WFIybmcveTRQSkJvN2RuCjA3d3dZOG1BSG5UKysvdzJIMUNmNE9nMnEvUEtrNWpwMW0rcE5YSlM4c3ZmUG5Gby9NVlFKa3NSWnNWMXd2aUYKSUh5QzBoazBxdUNFV0VhL201dHZSOEFIdGF4YVJnR2F6MkhnT0VROElNaWVpaXpmcXpJT0Y5NTNzcTFLSjdxagowSnNlR21Kck9MZHhyTzZlMkt3S2FUTzVqdWRHUmdJNjM5YjBWR3p6dk0vdDRTdzFWYzNJWWJWSTloNlRnQnhsCjhhYmpTNVhqVGlhRjc1NDBrV2YzWG1PTjl0VThsVjIzNndsQ2NjOHNCYXNtQmlZeHl2OWxDSnRsVitRVk5kYjMKdFNvNGZsRVdvZDVQd0NVRjRKRXJQcWlCeEFFWCtkUys5dFNlaGVVbStzaEh6R092RG5EZG94OVRPOUhFYUFmZwozeGtqckFxUjdLZXhObFhoNmkxSWJod0VkZmUvWlR5SFZheWgxLzNhNGVObUREaC9nUUtDQVFFQTk0Rm9ITzdLCi9vUldYTG51cGFEUW1ITXRYUDZTckZ6KzJwVFptRU9kQzlKb3loK0hFdWhvQmZUWW5XcjBpcGh2MUp0UmlLMDQKNUtCbXFVZFd1WFJFWUYvZjU4dDA5c2pCT0FjamQ4T3U0QUpVQiswaVd1ZVZFQTJocWl2c2RnTVdidS9ESXBqNgppV1F3enBtQ2FvS3RwSVJRbFYxQmpXTnpoZk9YNWVNOUthMkN0aStlK0wyd0JNdmVscmtTempJVEZ5ZDY3dTd5Cm9BNlI3alpNUzdTWmZzTGcvaHZ3dHFqdkdXejBaSUx2Ylp5TVlBQnRTdHpKRU1BcHI3RzNKdjhNRWZWclZPRDAKWFB3Z25CL3JrNmNrdlhWMDFXOHBKRTlUaWtqcDArRFJXRStQVUJ1VEU0NWJYdng5SzlsVTFrN1g0TGcxQW1ibwpLVHlzWEhkdjNCelFtUUtDQVFFQXdBcVNsZU54WDY2M3BxeURkK1ZYR0ZDSFhHRVljSWdnRktOTzRhM3RqZ0NYCnhQSzZmNjBORTY1MWxtQjRPVzNQclhZMytmVzBLTUwwamRQb1FGeGtuV20zOXhSOEtobFZNcXFYQVNSRHFLQWgKNkZCYmpkQVBidDNVcnRQcWMrV1MrMDVWOEs2bVZrV0JGbk5CZjNiK0pNVGtkcVoxekR1ODFvaDIzWTNrRElaYQpRR09qN2Vsc3VGamtLTThoTTNQN3k4K1NnOGVKR3RPbWljUEZkeTJFbWZjbXR3dTV1UmlyT3J0MnhUa2pyZ2d2CkNPSndXazFNQ3AwNGo1SzhOSHBlYmZoaTNhTjA2NVI1NFBhcVp1aEs2czZTNkhHYWxHS0o3N3VCV21iVWtKOEMKdzZNc0UxQmxydDZrdldGQkRRMXBpWXYwbFRaSFVEcVhDYi9LN0lKV2p3S0NBUUVBbmxCb0NCbTJQcGJucHVoSApmaW9mUTJSbzM5TDJmc245T2xONzI2bGtDdXZMbTM0UEtFa0FRTThjdjVScVZ6eXFTNVFOMHg3NkJVT1Vaekw2CmhpV1lsd3k4YThmNFNPS2d0UFhiK2Y5eEhGaGc1N0VIQ0o2WSttdTl2TnZicEtEVStLRGtjSHpweEhnUndCVHgKRnEvLzRmdkFqOG5XNUZsNHkzWEU4NGNtMkVIa0dpVGJ5citLbDRiUUdoakhycHpaR1RabnErMnJ4RFdOb3BHWQp1OVFKV3N2TW5yM0FleFlUMm0rVzQ3UGM4bi93U25mN2NLZEk5UzMxZkN4d3VzRHBONU9EMUFjUVIybitjZDc1CkVMa1pCeGJhWkt0MTVZUFlLOXYzdFU5WW1PUkxCektjSVNZdHk5UTFQSmNIYlEyQmlIeExhLzNuQW5tTXhwaWYKTkd3NkFRS0NBUUFCa3RTYXA4OXhBa1I4K0NMbm81aHdHWkRTWC9WTVRzRThpZzRHYVY5dDczRk82dEkrWTVPYwoycXdaL0ZaZjJoZCtpMTV3RE9SYUJTYnQxcE9ybTFZenQvOEs1ajhTTlR6dWVsbGNhQWlwNUE0REVrMTl2dnV4Clk5M3ZSTXRDQWRxUGRwZmJyZ0tzNkVyamZUUkhNQmxyQWJZQmh1R21OOE1YV3V6bWFkZzVoZ3hOUk1PK0dsQ0sKdmllNGNlSUt3dU9JU3Y0ZldFNDJTdyt0UjA1aDZKeVNpbVRsMFJISGczMDdzUGVMTENtdnJsOThTaWF6aHJpZAp5YVlCL3lqTm9VY096Wjg1dzdJY2tBM2ptd0hRY0F6VkdiWTRjMTNaNDJqUDd4QmpSajV0cE8vbjNIbHEreGlxCk15YlVhbXlYQjhvYWwydjhvUUk2bFJCUnd5R05pSS9mQW9JQkFCVXluWC8yYkxodGZaTnpSL1pqaDIwZlFpQkoKZFJXUGQ3emZxVnNkSDhNSGY5cXZ5OGNFNnU5TE16eitLSkZ4dGlOQXdIRjU5Q2t1TWRGVnBGUWg3WU0yV0hzYwppZU9KKytwa3dxZ1p1NFdVQXBEMm5KOEZZWmlXWnZCWHBNRC8zZ0JTN0pHYUNSemhKTlp1VEE4WFlWNFV3ZTRECjRpcHQ5TnY4TXA1V3dHa3ZQNDZqZ2I1dGg5akRwYXdDL3VnVTQ3bmtHMExGTVgwcUpmTE43TEtzeitQc05nelQKOHk2NUFsY3hUQkltbjJWUXNRdnhsU2dkWlUrbUIxNHE4Mk9OT1Y4SDVDTEZLMWlvSGljWXIwNVN5RStWbm5PMAowdXBMNGx1OFpEcTBLdHJPZExaMkJPblJMYXp5akVKSTJrbzgzR3U3VVZhMUpVNWE1Um9oVWJvSGd5OD0KLS0tLS1FTkQgUlNBIFBSSVZBVEUgS0VZLS0tLS0K",
                "cluster_ca_certificate": "LS0tLS1CRUdJTiBDRVJUSUZJQ0FURS0tLS0tCk1JSUU2VENDQXRHZ0F3SUJBZ0lSQUtKd0oyRlZlYlEreVA3SDlKT3lieFF3RFFZSktvWklodmNOQVFFTEJRQXcKRFRFTE1Ba0dBMVVFQXhNQ1kyRXdJQmNOTWpRd016QTNNVE0wTWpRMFdoZ1BNakExTkRBek1EY3hNelV5TkRSYQpNQTB4Q3pBSkJnTlZCQU1UQW1OaE1JSUNJakFOQmdrcWhraUc5dzBCQVFFRkFBT0NBZzhBTUlJQ0NnS0NBZ0VBCnZSRkhzdVZtR3M3YTd1YjFOUnBpYUVYbFdhWGc0aGdDdXYvSUZFcDZmZWNXcUg3b2FRazJnQ0RjMmIwMVRCQzYKQnlaT08yOEJJdk5IcmNETEhXcXNhQjgxTmZDMkRjaXdkL3R0ZTVxMkpxMzdhZ1F6emtwQ3VWTFBPMFNoakJWZwo0a1JWUXNNaEM1RGl2S21xeVlyc2RzU0hRUHBKNi9icXVuQzNCVlNabHR5djRXZVhkTS9vZVoyVVptRWNac1djCnpjR3dJWVV5dkYwN2psNVkyd0hQT0JLZUg0SVlUQlpDNWdyRTB6NGhEVlVXbHFaWm8vQmY4YjJJRkRXV0NyUG0KREc4TGMyMlU5djFEMldTZVlFc2FtaWszYUNld2hwM0lOeklXM2Flc3NROGg2bDVTcnVUY2ZUdTZLdmIwQTA1bgpVdzZNdHZmeFpSSmNPNVF1Rk51S2JGWU0zTGxlRGZscHRFa3dHSDN4SENqK2tuVHpTa2NDMlU5T2Z0WmVRNGNvCnJtaDRjSTdYMEpZUms0cVJRa0JUb0NMWXNLUEd6eFNpQ3E1akxhblNVdzlXcksra0k3NjZkZGJjRzZxSEliMysKd2oxLytZd2dQbGVzMWVIUTBvZTE5c0dKeFgrS3kyTDc1WGtjV0NmYzFlN3dPUE1RalEweWgvRWQzWldudHA0KworOEV6Z0NoZjhMaVplZWphNnFOWFptWHR0YUNueCtsY080eE5UZ3ZiQUxGcTlhaTVwbjVQcEdqWHd0VGs3MkUxCkJLUWtoQ2RIZVFybWpDcW1PR09rbXc1SzNabmE5RnhnZzQzTXNQOENucmlHZ3ZXazd1RDZHMXFzck1vTmpjZjQKOWNzME4xd0gwZlpvcUxFTTNjQVBHSXRpZjQ2Zko2d09wQU14NmUwZi9vVUNBd0VBQWFOQ01FQXdEZ1lEVlIwUApBUUgvQkFRREFnS2tNQThHQTFVZEV3RUIvd1FGTUFNQkFmOHdIUVlEVlIwT0JCWUVGTkFFL0dZbE43Q3h5MmdPCitnY0FWUmltK2ZwTE1BMEdDU3FHU0liM0RRRUJDd1VBQTRJQ0FRQkZKMCszUUhvQmVOVDRJaUx2WmxTNmhnQjgKUDBHZCs3ajM2aHFSalN6OFJTSGtWWWVIR2J1SXRRc2VHazdBeUZrWUpXditPa1RwTHg4NEE1VUJCWnQxZ2E2eQpiYjNLTDN4K1h4azVZbERVNXhNVFpGUDMxRG9PNkFmZVRTUk5KQTlTRG9Fam9UUGpXUVZaUjhpVnp2MkVObzZJCms1SUk3RjhudjNhc01QY2VkNkxITkJuVW1sWDBSeDAwbU85WHpjY1JJZnV3SUZ6d2VmS1NIZ0xZYXgyOVR1UmEKTlc5TjRiMHNUQSt1WHVKRzA4ck9RVVYyaTJoYkNoUkpVaG1iTG1ub2ZWa3MxTjNOcXE0ZnJGakJXTnhGVStwUQpucDVRQkdXdTJrTXI1YzB3bjY0d3VPbWFTR2VjdDQ0ckZSQldrV3lua3dkNkYyNlp0aXBuOTVneVp0RXYweExzCmFnd2JrUUZnamVRaTZ4aDhwblBlelJEb0Y1Q1VuVS8xcHJ1OXdacFhMMnNxSEhIbFRZL3dMT0Q4NDV6TyszTzAKV0QyaHI4eEY1aWhRMGdSQ3VaWkhvL1BpTFVXTzVsSDlTRmxpUTVWVXcrY0VFN0ZlNk8xSU1YY2YyQTR4K1BvbgpTTmlrVWptR2ZPVUdZeUJTZnRWY1RDUUFxOForQVMwelJlRnBTZkRhc3dKMHZFbnBsR3kyYWJvQTIzL2s1UkdTCjBsdWgwNmpTd1dFTTBjaFFqUDZ5dTFqbEZjTjZ3N2VWVlNVT3RaNElkK3ZPeGlnelBRK3pERDAxTGJmcDE5VWUKRlhvWTJsaDl5U2ZtMGViUGhCRFdvb25xKzBscmQ4WDlLVk9sQTZ3ZTBvZVNKVktYemhXWlhxSjBHQ2hTckxMagpVaTFqd3N6TDhLaGhKQmNxL3c9PQotLS0tLUVORCBDRVJUSUZJQ0FURS0tLS0tCg==",
                "host": "https://pconf-dev-southeastasia-lb2cfsei.hcp.southeastasia.azmk8s.io:443",
                "password": "to21w5znj627uv027ntvf5cji991cbxqswc0yz4qst8bewa9g5zcpseuwcag14pz4jsvpmauahht4z11zs20cy66u90sz12f3ecbthtb4hh5e4dp0why7t3bbs6trkx2",
                "username": "clusterUser_pconf-dev-southeastasia_pconf-dev-southeastasia-aks"
              }
            ],
            "kube_config_raw": "apiVersion: v1\nclusters:\n- cluster:\n    certificate-authority-data: LS0tLS1CRUdJTiBDRVJUSUZJQ0FURS0tLS0tCk1JSUU2VENDQXRHZ0F3SUJBZ0lSQUtKd0oyRlZlYlEreVA3SDlKT3lieFF3RFFZSktvWklodmNOQVFFTEJRQXcKRFRFTE1Ba0dBMVVFQXhNQ1kyRXdJQmNOTWpRd016QTNNVE0wTWpRMFdoZ1BNakExTkRBek1EY3hNelV5TkRSYQpNQTB4Q3pBSkJnTlZCQU1UQW1OaE1JSUNJakFOQmdrcWhraUc5dzBCQVFFRkFBT0NBZzhBTUlJQ0NnS0NBZ0VBCnZSRkhzdVZtR3M3YTd1YjFOUnBpYUVYbFdhWGc0aGdDdXYvSUZFcDZmZWNXcUg3b2FRazJnQ0RjMmIwMVRCQzYKQnlaT08yOEJJdk5IcmNETEhXcXNhQjgxTmZDMkRjaXdkL3R0ZTVxMkpxMzdhZ1F6emtwQ3VWTFBPMFNoakJWZwo0a1JWUXNNaEM1RGl2S21xeVlyc2RzU0hRUHBKNi9icXVuQzNCVlNabHR5djRXZVhkTS9vZVoyVVptRWNac1djCnpjR3dJWVV5dkYwN2psNVkyd0hQT0JLZUg0SVlUQlpDNWdyRTB6NGhEVlVXbHFaWm8vQmY4YjJJRkRXV0NyUG0KREc4TGMyMlU5djFEMldTZVlFc2FtaWszYUNld2hwM0lOeklXM2Flc3NROGg2bDVTcnVUY2ZUdTZLdmIwQTA1bgpVdzZNdHZmeFpSSmNPNVF1Rk51S2JGWU0zTGxlRGZscHRFa3dHSDN4SENqK2tuVHpTa2NDMlU5T2Z0WmVRNGNvCnJtaDRjSTdYMEpZUms0cVJRa0JUb0NMWXNLUEd6eFNpQ3E1akxhblNVdzlXcksra0k3NjZkZGJjRzZxSEliMysKd2oxLytZd2dQbGVzMWVIUTBvZTE5c0dKeFgrS3kyTDc1WGtjV0NmYzFlN3dPUE1RalEweWgvRWQzWldudHA0KworOEV6Z0NoZjhMaVplZWphNnFOWFptWHR0YUNueCtsY080eE5UZ3ZiQUxGcTlhaTVwbjVQcEdqWHd0VGs3MkUxCkJLUWtoQ2RIZVFybWpDcW1PR09rbXc1SzNabmE5RnhnZzQzTXNQOENucmlHZ3ZXazd1RDZHMXFzck1vTmpjZjQKOWNzME4xd0gwZlpvcUxFTTNjQVBHSXRpZjQ2Zko2d09wQU14NmUwZi9vVUNBd0VBQWFOQ01FQXdEZ1lEVlIwUApBUUgvQkFRREFnS2tNQThHQTFVZEV3RUIvd1FGTUFNQkFmOHdIUVlEVlIwT0JCWUVGTkFFL0dZbE43Q3h5MmdPCitnY0FWUmltK2ZwTE1BMEdDU3FHU0liM0RRRUJDd1VBQTRJQ0FRQkZKMCszUUhvQmVOVDRJaUx2WmxTNmhnQjgKUDBHZCs3ajM2aHFSalN6OFJTSGtWWWVIR2J1SXRRc2VHazdBeUZrWUpXditPa1RwTHg4NEE1VUJCWnQxZ2E2eQpiYjNLTDN4K1h4azVZbERVNXhNVFpGUDMxRG9PNkFmZVRTUk5KQTlTRG9Fam9UUGpXUVZaUjhpVnp2MkVObzZJCms1SUk3RjhudjNhc01QY2VkNkxITkJuVW1sWDBSeDAwbU85WHpjY1JJZnV3SUZ6d2VmS1NIZ0xZYXgyOVR1UmEKTlc5TjRiMHNUQSt1WHVKRzA4ck9RVVYyaTJoYkNoUkpVaG1iTG1ub2ZWa3MxTjNOcXE0ZnJGakJXTnhGVStwUQpucDVRQkdXdTJrTXI1YzB3bjY0d3VPbWFTR2VjdDQ0ckZSQldrV3lua3dkNkYyNlp0aXBuOTVneVp0RXYweExzCmFnd2JrUUZnamVRaTZ4aDhwblBlelJEb0Y1Q1VuVS8xcHJ1OXdacFhMMnNxSEhIbFRZL3dMT0Q4NDV6TyszTzAKV0QyaHI4eEY1aWhRMGdSQ3VaWkhvL1BpTFVXTzVsSDlTRmxpUTVWVXcrY0VFN0ZlNk8xSU1YY2YyQTR4K1BvbgpTTmlrVWptR2ZPVUdZeUJTZnRWY1RDUUFxOForQVMwelJlRnBTZkRhc3dKMHZFbnBsR3kyYWJvQTIzL2s1UkdTCjBsdWgwNmpTd1dFTTBjaFFqUDZ5dTFqbEZjTjZ3N2VWVlNVT3RaNElkK3ZPeGlnelBRK3pERDAxTGJmcDE5VWUKRlhvWTJsaDl5U2ZtMGViUGhCRFdvb25xKzBscmQ4WDlLVk9sQTZ3ZTBvZVNKVktYemhXWlhxSjBHQ2hTckxMagpVaTFqd3N6TDhLaGhKQmNxL3c9PQotLS0tLUVORCBDRVJUSUZJQ0FURS0tLS0tCg==\n    server: https://pconf-dev-southeastasia-lb2cfsei.hcp.southeastasia.azmk8s.io:443\n  name: pconf-dev-southeastasia-aks\ncontexts:\n- context:\n    cluster: pconf-dev-southeastasia-aks\n    user: clusterUser_pconf-dev-southeastasia_pconf-dev-southeastasia-aks\n  name: pconf-dev-southeastasia-aks\ncurrent-context: pconf-dev-southeastasia-aks\nkind: Config\npreferences: {}\nusers:\n- name: clusterUser_pconf-dev-southeastasia_pconf-dev-southeastasia-aks\n  user:\n    client-certificate-data: LS0tLS1CRUdJTiBDRVJUSUZJQ0FURS0tLS0tCk1JSUZIakNDQXdhZ0F3SUJBZ0lSQUtXZEFJSm9mUThHOUs0SFlSUDZnQnN3RFFZSktvWklodmNOQVFFTEJRQXcKRFRFTE1Ba0dBMVVFQXhNQ1kyRXdIaGNOTWpRd016QTNNVE0wTWpRMFdoY05Nall3TXpBM01UTTFNalEwV2pBdwpNUmN3RlFZRFZRUUtFdzV6ZVhOMFpXMDZiV0Z6ZEdWeWN6RVZNQk1HQTFVRUF4TU1iV0Z6ZEdWeVkyeHBaVzUwCk1JSUNJakFOQmdrcWhraUc5dzBCQVFFRkFBT0NBZzhBTUlJQ0NnS0NBZ0VBdWF0RzNIdlJCOHFBNkJVSzk0Um0KRHE3UDFEQ0ZET2RxUjZRSjVTQ3lXWm1FTVMwNkdkeTA4N09qQ1JWaG4rTDdxVGRXSnZLWVlRdVFRUWxYZkt2awpxTnJ4aUViOGdseEV3QUFqVmJDdTdvOGFWMXhhWGp5eXhsNVJuTWxDWTJJaGZqSTVmbDc3eFFiSHVjOTRNZUhoCmdNVWxadGhMaElOZHNINGZ1bWxrOGlNQzljaHFlU0ordjlIUE0yNFJ1RGhPY2FrMWNwbmV4NUdWU21Ec0svNmsKQS9SN0JyTGxrSURlZUVtZXEvU0MvWkRaczM5UmZYaHpVc2NxaDdJT205WDRyNWxCaXJRZUlCVHcyZWhxNVVTOQpXaVJjV210bllMajRGWmxUdUJMOVNSSW9DR2lkTitBdTg3UlNDWEpoNklpZDJVWkJSYnk1NitkOXAwRHRoQU43CjVGbG5td0ZSRERLak9KdCs1bTRrQjlJd0U2WlBJVjZhaitRejUwQy81Z1h4NzhBTW1MSDZBaWgrbTd6Z3dsaFUKYlh4U2w0K2UrSzRaS1VnTEFsTlVHK1FWeHVEYTFQMXErRDJmUmpNYmZYem56cmhrUERtVEV1UUtiZS92UTVJdwp6VU1vQ1dnS0U1MjJSOE5sK0NUSE00MTlPM3kxRWZVd0lkSmNuT0lPdmtKZXhsRnFBNHBXNWFoRDVJbGpOcFB3Cit6V1p0dUptR0hwaytGNWdhWTV6YWF2cWU0VEVVRzFHU3ROdUFoVkRGQld5b1dtblBYR0d4dWlZWWRIOVl2bzYKR1l1akdNSEY3Um9sbFhFNldoSjZmUnZWUER5TVArS08rTG5DMUdmdFZKdW1nK2dNRHpPUnE1ZzNFbEFmNnJXdApCNVB3ZkNxRk9ySVA0RDVpRnB2ZDYzY0NBd0VBQWFOV01GUXdEZ1lEVlIwUEFRSC9CQVFEQWdXZ01CTUdBMVVkCkpRUU1NQW9HQ0NzR0FRVUZCd01DTUF3R0ExVWRFd0VCL3dRQ01BQXdId1lEVlIwakJCZ3dGb0FVMEFUOFppVTMKc0xITGFBNzZCd0JWR0tiNStrc3dEUVlKS29aSWh2Y05BUUVMQlFBRGdnSUJBRnpFVXo5YjFwcGw3UUk0cUhVWgpvQ1hUbTJrckNmMGw4RklXTzdiOFBPTXhKOHpxcksxQ24zRjB5UWNlbVNFeTZYRmpQVjRMMm1kQzk0eXVKR2U0CjBQa0UxWk9iKzBKZEhpT3NqOG9rcldGSDd1eWxZQUZ1bjJQMWtxdjlrYW1lNSs2Z3dIeXU0MGgvWFU5VXltT0UKSG1oYU1nM1R1NnJoQUtlbHN1OVltL0VmcGIzVDJ5Q2VmeFdjd3FxL2k0ZXc2WnZmQkI5ZlJNR0g4WEtlYzJKagpUMVVGTW90S3QrVjJ6MDcrUURwOCt0NThZMmw3OVlzeUNyVEd1MlhJcGlGTnY0R0JRYUhRQXFNeFFuamxDdCtFCmpubm1iVjZaVVVHUDBaK01KemtMeXJZYTFJTGpLQ3JUVnQ5eDlGai9yallsUDIrWkxCQzlDTmMvTzVqVFRiSi8KeWlPczkxeEJPYWRwY1B4TWNjYVRybUh5bGpuR1hqZXlNbSthM3NVY3k4cXdGSk1TWnFwUlVtM2xiTk5jM1UwUwo4ZW93Y0k3WW1mVk9uazlqRU1uVmpVaGxNUzJ5dGNNTlo2N3h2MkkrbnRzUXR4NzZqNTRERVczS3dScGpKY2NVCnloUjE5cnhpQU5IZVpYY2hTMTRyTjlmN2UrMTEyeG1YSTRSUmF1aFdWV3BMc2JEdEkrVUlCQjZDa2lLSVBXMzAKVk0yMFdwNEllL0RSMHFkck94bXlHcUw3MHFwZ2ZqVWxSNnBlYjRuYmhsME9HNUp1NTBmN3F5bndwc2NnSXFZeQpvRDdpdEtVT1hDbTh6U254bHlHUmpobzhYZXhibUtMZG55b2lTMGs0ZzJoWDBJN1h6cXhFUGZKTjltaGsvRWoxCmROY0JQeEdWTERnUVJ6b25heDk5OVhoMQotLS0tLUVORCBDRVJUSUZJQ0FURS0tLS0tCg==\n    client-key-data: LS0tLS1CRUdJTiBSU0EgUFJJVkFURSBLRVktLS0tLQpNSUlKS0FJQkFBS0NBZ0VBdWF0RzNIdlJCOHFBNkJVSzk0Um1EcTdQMURDRkRPZHFSNlFKNVNDeVdabUVNUzA2CkdkeTA4N09qQ1JWaG4rTDdxVGRXSnZLWVlRdVFRUWxYZkt2a3FOcnhpRWI4Z2x4RXdBQWpWYkN1N284YVYxeGEKWGp5eXhsNVJuTWxDWTJJaGZqSTVmbDc3eFFiSHVjOTRNZUhoZ01VbFp0aExoSU5kc0g0ZnVtbGs4aU1DOWNocQplU0ordjlIUE0yNFJ1RGhPY2FrMWNwbmV4NUdWU21Ec0svNmtBL1I3QnJMbGtJRGVlRW1lcS9TQy9aRFpzMzlSCmZYaHpVc2NxaDdJT205WDRyNWxCaXJRZUlCVHcyZWhxNVVTOVdpUmNXbXRuWUxqNEZabFR1Qkw5U1JJb0NHaWQKTitBdTg3UlNDWEpoNklpZDJVWkJSYnk1NitkOXAwRHRoQU43NUZsbm13RlJEREtqT0p0KzVtNGtCOUl3RTZaUApJVjZhaitRejUwQy81Z1h4NzhBTW1MSDZBaWgrbTd6Z3dsaFViWHhTbDQrZStLNFpLVWdMQWxOVUcrUVZ4dURhCjFQMXErRDJmUmpNYmZYem56cmhrUERtVEV1UUtiZS92UTVJd3pVTW9DV2dLRTUyMlI4TmwrQ1RITTQxOU8zeTEKRWZVd0lkSmNuT0lPdmtKZXhsRnFBNHBXNWFoRDVJbGpOcFB3K3pXWnR1Sm1HSHBrK0Y1Z2FZNXphYXZxZTRURQpVRzFHU3ROdUFoVkRGQld5b1dtblBYR0d4dWlZWWRIOVl2bzZHWXVqR01IRjdSb2xsWEU2V2hKNmZSdlZQRHlNClArS08rTG5DMUdmdFZKdW1nK2dNRHpPUnE1ZzNFbEFmNnJXdEI1UHdmQ3FGT3JJUDRENWlGcHZkNjNjQ0F3RUEKQVFLQ0FnQmZjSU9FWXNFWVdDZmJKTFgyZGNCZ1c4dkpMd2Uxa2w4M1pFTVIzTFRSQ2ZEQnRwWGZKV3grdVNCZApVdmhUejhHOVFneXZDSlQ3alk0aFlFUHdlZ3VZSUxOM2NjWHEzTE1hWHZmSzNIK1BjVkFCQ0NBTHdQZkVzRWNUCmFRRVBSU29pVEg3eFRySHNuWWVkSStDTkE2ZC9JZGdQL2E4VDl0TDZIbHNBMzV4Y08xTVNOR3RHeVV5T0hiTjgKcEYvSGFtb29VdXArZGtubUhCZTVuQWpLdEtKcXhnbFhjQzVCRVgxS0o4M0FabmZQRDk1WVBtSU5OUlZTdjc1RQo4bXBBQU1WTXZtTEtnYnZha2VrY21qUVlsalVmV1FHQUdTV1N1b0lMMkQwSXFmbzR6WFIybmcveTRQSkJvN2RuCjA3d3dZOG1BSG5UKysvdzJIMUNmNE9nMnEvUEtrNWpwMW0rcE5YSlM4c3ZmUG5Gby9NVlFKa3NSWnNWMXd2aUYKSUh5QzBoazBxdUNFV0VhL201dHZSOEFIdGF4YVJnR2F6MkhnT0VROElNaWVpaXpmcXpJT0Y5NTNzcTFLSjdxagowSnNlR21Kck9MZHhyTzZlMkt3S2FUTzVqdWRHUmdJNjM5YjBWR3p6dk0vdDRTdzFWYzNJWWJWSTloNlRnQnhsCjhhYmpTNVhqVGlhRjc1NDBrV2YzWG1PTjl0VThsVjIzNndsQ2NjOHNCYXNtQmlZeHl2OWxDSnRsVitRVk5kYjMKdFNvNGZsRVdvZDVQd0NVRjRKRXJQcWlCeEFFWCtkUys5dFNlaGVVbStzaEh6R092RG5EZG94OVRPOUhFYUFmZwozeGtqckFxUjdLZXhObFhoNmkxSWJod0VkZmUvWlR5SFZheWgxLzNhNGVObUREaC9nUUtDQVFFQTk0Rm9ITzdLCi9vUldYTG51cGFEUW1ITXRYUDZTckZ6KzJwVFptRU9kQzlKb3loK0hFdWhvQmZUWW5XcjBpcGh2MUp0UmlLMDQKNUtCbXFVZFd1WFJFWUYvZjU4dDA5c2pCT0FjamQ4T3U0QUpVQiswaVd1ZVZFQTJocWl2c2RnTVdidS9ESXBqNgppV1F3enBtQ2FvS3RwSVJRbFYxQmpXTnpoZk9YNWVNOUthMkN0aStlK0wyd0JNdmVscmtTempJVEZ5ZDY3dTd5Cm9BNlI3alpNUzdTWmZzTGcvaHZ3dHFqdkdXejBaSUx2Ylp5TVlBQnRTdHpKRU1BcHI3RzNKdjhNRWZWclZPRDAKWFB3Z25CL3JrNmNrdlhWMDFXOHBKRTlUaWtqcDArRFJXRStQVUJ1VEU0NWJYdng5SzlsVTFrN1g0TGcxQW1ibwpLVHlzWEhkdjNCelFtUUtDQVFFQXdBcVNsZU54WDY2M3BxeURkK1ZYR0ZDSFhHRVljSWdnRktOTzRhM3RqZ0NYCnhQSzZmNjBORTY1MWxtQjRPVzNQclhZMytmVzBLTUwwamRQb1FGeGtuV20zOXhSOEtobFZNcXFYQVNSRHFLQWgKNkZCYmpkQVBidDNVcnRQcWMrV1MrMDVWOEs2bVZrV0JGbk5CZjNiK0pNVGtkcVoxekR1ODFvaDIzWTNrRElaYQpRR09qN2Vsc3VGamtLTThoTTNQN3k4K1NnOGVKR3RPbWljUEZkeTJFbWZjbXR3dTV1UmlyT3J0MnhUa2pyZ2d2CkNPSndXazFNQ3AwNGo1SzhOSHBlYmZoaTNhTjA2NVI1NFBhcVp1aEs2czZTNkhHYWxHS0o3N3VCV21iVWtKOEMKdzZNc0UxQmxydDZrdldGQkRRMXBpWXYwbFRaSFVEcVhDYi9LN0lKV2p3S0NBUUVBbmxCb0NCbTJQcGJucHVoSApmaW9mUTJSbzM5TDJmc245T2xONzI2bGtDdXZMbTM0UEtFa0FRTThjdjVScVZ6eXFTNVFOMHg3NkJVT1Vaekw2CmhpV1lsd3k4YThmNFNPS2d0UFhiK2Y5eEhGaGc1N0VIQ0o2WSttdTl2TnZicEtEVStLRGtjSHpweEhnUndCVHgKRnEvLzRmdkFqOG5XNUZsNHkzWEU4NGNtMkVIa0dpVGJ5citLbDRiUUdoakhycHpaR1RabnErMnJ4RFdOb3BHWQp1OVFKV3N2TW5yM0FleFlUMm0rVzQ3UGM4bi93U25mN2NLZEk5UzMxZkN4d3VzRHBONU9EMUFjUVIybitjZDc1CkVMa1pCeGJhWkt0MTVZUFlLOXYzdFU5WW1PUkxCektjSVNZdHk5UTFQSmNIYlEyQmlIeExhLzNuQW5tTXhwaWYKTkd3NkFRS0NBUUFCa3RTYXA4OXhBa1I4K0NMbm81aHdHWkRTWC9WTVRzRThpZzRHYVY5dDczRk82dEkrWTVPYwoycXdaL0ZaZjJoZCtpMTV3RE9SYUJTYnQxcE9ybTFZenQvOEs1ajhTTlR6dWVsbGNhQWlwNUE0REVrMTl2dnV4Clk5M3ZSTXRDQWRxUGRwZmJyZ0tzNkVyamZUUkhNQmxyQWJZQmh1R21OOE1YV3V6bWFkZzVoZ3hOUk1PK0dsQ0sKdmllNGNlSUt3dU9JU3Y0ZldFNDJTdyt0UjA1aDZKeVNpbVRsMFJISGczMDdzUGVMTENtdnJsOThTaWF6aHJpZAp5YVlCL3lqTm9VY096Wjg1dzdJY2tBM2ptd0hRY0F6VkdiWTRjMTNaNDJqUDd4QmpSajV0cE8vbjNIbHEreGlxCk15YlVhbXlYQjhvYWwydjhvUUk2bFJCUnd5R05pSS9mQW9JQkFCVXluWC8yYkxodGZaTnpSL1pqaDIwZlFpQkoKZFJXUGQ3emZxVnNkSDhNSGY5cXZ5OGNFNnU5TE16eitLSkZ4dGlOQXdIRjU5Q2t1TWRGVnBGUWg3WU0yV0hzYwppZU9KKytwa3dxZ1p1NFdVQXBEMm5KOEZZWmlXWnZCWHBNRC8zZ0JTN0pHYUNSemhKTlp1VEE4WFlWNFV3ZTRECjRpcHQ5TnY4TXA1V3dHa3ZQNDZqZ2I1dGg5akRwYXdDL3VnVTQ3bmtHMExGTVgwcUpmTE43TEtzeitQc05nelQKOHk2NUFsY3hUQkltbjJWUXNRdnhsU2dkWlUrbUIxNHE4Mk9OT1Y4SDVDTEZLMWlvSGljWXIwNVN5RStWbm5PMAowdXBMNGx1OFpEcTBLdHJPZExaMkJPblJMYXp5akVKSTJrbzgzR3U3VVZhMUpVNWE1Um9oVWJvSGd5OD0KLS0tLS1FTkQgUlNBIFBSSVZBVEUgS0VZLS0tLS0K\n    token: to21w5znj627uv027ntvf5cji991cbxqswc0yz4qst8bewa9g5zcpseuwcag14pz4jsvpmauahht4z11zs20cy66u90sz12f3ecbthtb4hh5e4dp0why7t3bbs6trkx2\n",
            "kubelet_identity": [
              {
                "client_id": "a827bc97-137c-4dc6-b40c-abe840dc6f19",
                "object_id": "67c93d3e-fe91-402e-9e90-4c5f239d2966",
                "user_assigned_identity_id": "/subscriptions/df142d14-6f36-4598-8bc2-bd45ae81e77e/resourceGroups/MC_pconf-dev-southeastasia_pconf-dev-southeastasia-aks_southeastasia/providers/Microsoft.ManagedIdentity/userAssignedIdentities/pconf-dev-southeastasia-aks-agentpool"
              }
            ],
            "kubernetes_version": "1.27.9",
            "linux_profile": [],
            "local_account_disabled": false,
            "location": "southeastasia",
            "maintenance_window": [],
            "maintenance_window_auto_upgrade": [],
            "maintenance_window_node_os": [],
            "microsoft_defender": [],
            "monitor_metrics": [],
            "name": "pconf-dev-southeastasia-aks",
            "network_profile": [
              {
                "dns_service_ip": "10.0.0.10",
                "docker_bridge_cidr": "",
                "ebpf_data_plane": "",
                "ip_versions": [
                  "IPv4"
                ],
                "load_balancer_profile": [
                  {
                    "effective_outbound_ips": [
                      "/subscriptions/df142d14-6f36-4598-8bc2-bd45ae81e77e/resourceGroups/MC_pconf-dev-southeastasia_pconf-dev-southeastasia-aks_southeastasia/providers/Microsoft.Network/publicIPAddresses/4061f78d-8fea-4d59-a2ef-b5456131b0e4"
                    ],
                    "idle_timeout_in_minutes": 0,
                    "managed_outbound_ip_count": 1,
                    "managed_outbound_ipv6_count": 0,
                    "outbound_ip_address_ids": [],
                    "outbound_ip_prefix_ids": [],
                    "outbound_ports_allocated": 0
                  }
                ],
                "load_balancer_sku": "standard",
                "nat_gateway_profile": [],
                "network_mode": "",
                "network_plugin": "kubenet",
                "network_plugin_mode": "",
                "network_policy": "",
                "outbound_type": "loadBalancer",
                "pod_cidr": "10.244.0.0/16",
                "pod_cidrs": [
                  "10.244.0.0/16"
                ],
                "service_cidr": "10.0.0.0/16",
                "service_cidrs": [
                  "10.0.0.0/16"
                ]
              }
            ],
            "node_os_channel_upgrade": null,
            "node_resource_group": "MC_pconf-dev-southeastasia_pconf-dev-southeastasia-aks_southeastasia",
            "node_resource_group_id": "/subscriptions/df142d14-6f36-4598-8bc2-bd45ae81e77e/resourceGroups/MC_pconf-dev-southeastasia_pconf-dev-southeastasia-aks_southeastasia",
            "oidc_issuer_enabled": false,
            "oidc_issuer_url": "",
            "oms_agent": [
              {
                "log_analytics_workspace_id": "/subscriptions/df142d14-6f36-4598-8bc2-bd45ae81e77e/resourceGroups/pconf-dev-southeastasia/providers/Microsoft.OperationalInsights/workspaces/pconf-dev-southeastasia-workspace",
                "msi_auth_for_monitoring_enabled": false,
                "oms_agent_identity": [
                  {
                    "client_id": "4903b973-26c3-4ff7-8617-36886367583d",
                    "object_id": "2bfc09af-e25e-450f-b329-2f08a5a455ec",
                    "user_assigned_identity_id": "/subscriptions/df142d14-6f36-4598-8bc2-bd45ae81e77e/resourcegroups/MC_pconf-dev-southeastasia_pconf-dev-southeastasia-aks_southeastasia/providers/Microsoft.ManagedIdentity/userAssignedIdentities/omsagent-pconf-dev-southeastasia-aks"
                  }
                ]
              }
            ],
            "open_service_mesh_enabled": false,
            "portal_fqdn": "pconf-dev-southeastasia-lb2cfsei.portal.hcp.southeastasia.azmk8s.io",
            "private_cluster_enabled": false,
            "private_cluster_public_fqdn_enabled": false,
            "private_dns_zone_id": null,
            "private_fqdn": "",
            "public_network_access_enabled": true,
            "resource_group_name": "pconf-dev-southeastasia",
            "role_based_access_control_enabled": false,
            "run_command_enabled": true,
            "service_mesh_profile": [],
            "service_principal": [],
            "sku_tier": "Free",
            "storage_profile": [],
            "support_plan": "KubernetesOfficial",
            "tags": {},
            "timeouts": null,
            "web_app_routing": [],
            "windows_profile": [],
            "workload_autoscaler_profile": [],
            "workload_identity_enabled": false
          },
          "sensitive_attributes": [],
          "private": "eyJlMmJmYjczMC1lY2FhLTExZTYtOGY4OC0zNDM2M2JjN2M0YzAiOnsiY3JlYXRlIjo1NDAwMDAwMDAwMDAwLCJkZWxldGUiOjU0MDAwMDAwMDAwMDAsInJlYWQiOjMwMDAwMDAwMDAwMCwidXBkYXRlIjo1NDAwMDAwMDAwMDAwfSwic2NoZW1hX3ZlcnNpb24iOiIyIn0=",
          "dependencies": [
            "azurerm_resource_group.resource_group",
            "module.aks_cluster.azurerm_log_analytics_workspace.main",
            "module.aks_cluster.data.azurerm_resource_group.main",
            "module.aks_cluster.tls_private_key.ssh"
          ],
          "create_before_destroy": true
        }
      ]
    },
    {
      "module": "module.aks_cluster",
      "mode": "managed",
      "type": "azurerm_log_analytics_solution",
      "name": "main",
      "provider": "provider[\"registry.terraform.io/hashicorp/azurerm\"]",
      "instances": [
        {
          "index_key": 0,
          "schema_version": 1,
          "attributes": {
            "id": "/subscriptions/df142d14-6f36-4598-8bc2-bd45ae81e77e/resourceGroups/pconf-dev-southeastasia/providers/Microsoft.OperationsManagement/solutions/ContainerInsights(pconf-dev-southeastasia-workspace)",
            "location": "southeastasia",
            "plan": [
              {
                "name": "ContainerInsights(pconf-dev-southeastasia-workspace)",
                "product": "OMSGallery/ContainerInsights",
                "promotion_code": "",
                "publisher": "Microsoft"
              }
            ],
            "resource_group_name": "pconf-dev-southeastasia",
            "solution_name": "ContainerInsights",
            "tags": {},
            "timeouts": null,
            "workspace_name": "pconf-dev-southeastasia-workspace",
            "workspace_resource_id": "/subscriptions/df142d14-6f36-4598-8bc2-bd45ae81e77e/resourceGroups/pconf-dev-southeastasia/providers/Microsoft.OperationalInsights/workspaces/pconf-dev-southeastasia-workspace"
          },
          "sensitive_attributes": [],
          "private": "eyJlMmJmYjczMC1lY2FhLTExZTYtOGY4OC0zNDM2M2JjN2M0YzAiOnsiY3JlYXRlIjoxODAwMDAwMDAwMDAwLCJkZWxldGUiOjE4MDAwMDAwMDAwMDAsInJlYWQiOjMwMDAwMDAwMDAwMCwidXBkYXRlIjoxODAwMDAwMDAwMDAwfSwic2NoZW1hX3ZlcnNpb24iOiIxIn0=",
          "dependencies": [
            "azurerm_resource_group.resource_group",
            "module.aks_cluster.azurerm_log_analytics_workspace.main",
            "module.aks_cluster.data.azurerm_log_analytics_workspace.main",
            "module.aks_cluster.data.azurerm_resource_group.main"
          ]
        }
      ]
    },
    {
      "module": "module.aks_cluster",
      "mode": "managed",
      "type": "azurerm_log_analytics_workspace",
      "name": "main",
      "provider": "provider[\"registry.terraform.io/hashicorp/azurerm\"]",
      "instances": [
        {
          "index_key": 0,
          "schema_version": 3,
          "attributes": {
            "allow_resource_only_permissions": true,
            "cmk_for_query_forced": false,
            "daily_quota_gb": -1,
            "data_collection_rule_id": "",
            "id": "/subscriptions/df142d14-6f36-4598-8bc2-bd45ae81e77e/resourceGroups/pconf-dev-southeastasia/providers/Microsoft.OperationalInsights/workspaces/pconf-dev-southeastasia-workspace",
            "identity": [],
            "immediate_data_purge_on_30_days_enabled": false,
            "internet_ingestion_enabled": true,
            "internet_query_enabled": true,
            "local_authentication_disabled": false,
            "location": "southeastasia",
            "name": "pconf-dev-southeastasia-workspace",
            "primary_shared_key": "GA/NkskzVygpIG2qjcMzmWZehp+9SK6FZTxgv0m3fgdzl4T0NX5Mv2Dhnb9nnEd+gOrLKRaIbfkDwd6U2hNO3Q==",
            "reservation_capacity_in_gb_per_day": null,
            "resource_group_name": "pconf-dev-southeastasia",
            "retention_in_days": 30,
            "secondary_shared_key": "D7u11//Z+AN9RDl0kmngDpw3pOZPo7zDY3z2dyCHpD9Em830RPcu/XSxoY3FbW1VZMqUC8TNgZuPoFY+/0QCIQ==",
            "sku": "PerGB2018",
            "tags": {},
            "timeouts": null,
            "workspace_id": "55a35b78-759a-4a4a-80c7-4e218a604381"
          },
          "sensitive_attributes": [],
          "private": "eyJlMmJmYjczMC1lY2FhLTExZTYtOGY4OC0zNDM2M2JjN2M0YzAiOnsiY3JlYXRlIjoxODAwMDAwMDAwMDAwLCJkZWxldGUiOjE4MDAwMDAwMDAwMDAsInJlYWQiOjMwMDAwMDAwMDAwMCwidXBkYXRlIjoxODAwMDAwMDAwMDAwfSwic2NoZW1hX3ZlcnNpb24iOiIzIn0=",
          "dependencies": [
            "azurerm_resource_group.resource_group",
            "module.aks_cluster.data.azurerm_resource_group.main"
          ],
          "create_before_destroy": true
        }
      ]
    },
    {
      "module": "module.aks_cluster",
      "mode": "managed",
      "type": "null_resource",
      "name": "kubernetes_version_keeper",
      "provider": "provider[\"registry.terraform.io/hashicorp/null\"]",
      "instances": [
        {
          "schema_version": 0,
          "attributes": {
            "id": "9088610777295806364",
            "triggers": {
              "version": null
            }
          },
          "sensitive_attributes": [],
          "dependencies": [
            "azurerm_resource_group.resource_group"
          ],
          "create_before_destroy": true
        }
      ]
    },
    {
      "module": "module.aks_cluster",
      "mode": "managed",
      "type": "tls_private_key",
      "name": "ssh",
      "provider": "provider[\"registry.terraform.io/hashicorp/tls\"]",
      "instances": []
    }
  ],
  "check_results": [
    {
      "object_kind": "resource",
      "config_addr": "module.aks_cluster.azurerm_kubernetes_cluster.main",
      "status": "pass",
      "objects": [
        {
          "object_addr": "module.aks_cluster.azurerm_kubernetes_cluster.main",
          "status": "pass"
        }
      ]
    },
    {
      "object_kind": "resource",
      "config_addr": "module.aks_cluster.azurerm_kubernetes_cluster_node_pool.node_pool",
      "status": "pass",
      "objects": null
    },
    {
      "object_kind": "resource",
      "config_addr": "module.aks_cluster.azurerm_role_assignment.network_contributor_on_subnet",
      "status": "pass",
      "objects": null
    },
    {
      "object_kind": "resource",
      "config_addr": "module.aks_cluster.azurerm_log_analytics_workspace.main",
      "status": "pass",
      "objects": [
        {
          "object_addr": "module.aks_cluster.azurerm_log_analytics_workspace.main[0]",
          "status": "pass"
        }
      ]
    },
    {
      "object_kind": "resource",
      "config_addr": "module.aks_cluster.azurerm_role_assignment.network_contributor",
      "status": "pass",
      "objects": null
    }
  ]
}
