{
  "version": 4,
  "terraform_version": "1.4.6",
  "serial": 361,
  "lineage": "ebe28391-f9bd-b26d-376a-a2af9b373604",
  "outputs": {},
  "resources": [
    {
      "mode": "managed",
      "type": "azurerm_resource_group",
      "name": "resource_group",
      "provider": "provider[\"registry.terraform.io/hashicorp/azurerm\"]",
      "instances": [
        {
          "schema_version": 0,
          "attributes": {
            "id": "/subscriptions/df142d14-6f36-4598-8bc2-bd45ae81e77e/resourceGroups/pconf-dev-southeastasia",
            "location": "southeastasia",
            "managed_by": "",
            "name": "pconf-dev-southeastasia",
            "tags": {},
            "timeouts": null
          },
          "sensitive_attributes": [],
          "private": "eyJlMmJmYjczMC1lY2FhLTExZTYtOGY4OC0zNDM2M2JjN2M0YzAiOnsiY3JlYXRlIjo1NDAwMDAwMDAwMDAwLCJkZWxldGUiOjU0MDAwMDAwMDAwMDAsInJlYWQiOjMwMDAwMDAwMDAwMCwidXBkYXRlIjo1NDAwMDAwMDAwMDAwfX0=",
          "create_before_destroy": true
        }
      ]
    },
    {
      "mode": "managed",
      "type": "helm_release",
      "name": "ingress-nginx",
      "provider": "provider[\"registry.terraform.io/hashicorp/helm\"]",
      "instances": [
        {
          "schema_version": 1,
          "attributes": {
            "atomic": false,
            "chart": "ingress-nginx",
            "cleanup_on_fail": false,
            "create_namespace": true,
            "dependency_update": false,
            "description": null,
            "devel": null,
            "disable_crd_hooks": false,
            "disable_openapi_validation": false,
            "disable_webhooks": false,
            "force_update": false,
            "id": "ingress-nginx",
            "keyring": null,
            "lint": false,
            "manifest": null,
            "max_history": 0,
            "metadata": [
              {
                "app_version": "1.10.1",
                "chart": "ingress-nginx",
                "name": "ingress-nginx",
                "namespace": "ingress-nginx",
                "revision": 2,
                "values": "{\"controller\":{\"service\":{\"annotations\":{\"service.beta.kubernetes.io/azure-load-balancer-internal\":\"false\"}}}}",
                "version": "4.10.1"
              }
            ],
            "name": "ingress-nginx",
            "namespace": "ingress-nginx",
            "pass_credentials": false,
            "postrender": [],
            "recreate_pods": false,
            "render_subchart_notes": true,
            "replace": false,
            "repository": "https://kubernetes.github.io/ingress-nginx",
            "repository_ca_file": null,
            "repository_cert_file": null,
            "repository_key_file": null,
            "repository_password": null,
            "repository_username": null,
            "reset_values": false,
            "reuse_values": false,
            "set": [],
            "set_list": [],
            "set_sensitive": [],
            "skip_crds": false,
            "status": "deployed",
            "timeout": 300,
            "values": [
              "controller:\n  service:\n    annotations:\n      service.beta.kubernetes.io/azure-load-balancer-internal: \"false\"\n"
            ],
            "verify": false,
            "version": "4.10.1",
            "wait": true,
            "wait_for_jobs": false
          },
          "sensitive_attributes": [],
          "private": "eyJzY2hlbWFfdmVyc2lvbiI6IjEifQ==",
          "dependencies": [
            "azurerm_resource_group.resource_group",
            "module.aks_cluster.azapi_update_resource.aks_cluster_http_proxy_config_no_proxy",
            "module.aks_cluster.azapi_update_resource.aks_cluster_post_create",
            "module.aks_cluster.azurerm_kubernetes_cluster.main",
            "module.aks_cluster.azurerm_kubernetes_cluster_node_pool.node_pool_create_after_destroy",
            "module.aks_cluster.azurerm_kubernetes_cluster_node_pool.node_pool_create_before_destroy",
            "module.aks_cluster.azurerm_log_analytics_solution.main",
            "module.aks_cluster.azurerm_log_analytics_workspace.main",
            "module.aks_cluster.azurerm_role_assignment.acr",
            "module.aks_cluster.azurerm_role_assignment.application_gateway_byo_vnet_network_contributor",
            "module.aks_cluster.azurerm_role_assignment.application_gateway_existing_vnet_network_contributor",
            "module.aks_cluster.azurerm_role_assignment.application_gateway_resource_group_reader",
            "module.aks_cluster.azurerm_role_assignment.existing_application_gateway_contributor",
            "module.aks_cluster.azurerm_role_assignment.network_contributor",
            "module.aks_cluster.azurerm_role_assignment.network_contributor_on_subnet",
            "module.aks_cluster.data.azurerm_client_config.this",
            "module.aks_cluster.data.azurerm_log_analytics_workspace.main",
            "module.aks_cluster.data.azurerm_resource_group.aks_rg",
            "module.aks_cluster.data.azurerm_resource_group.ingress_gw",
            "module.aks_cluster.data.azurerm_resource_group.main",
            "module.aks_cluster.data.azurerm_user_assigned_identity.cluster_identity",
            "module.aks_cluster.data.azurerm_virtual_network.application_gateway_vnet",
            "module.aks_cluster.null_resource.http_proxy_config_no_proxy_keeper",
            "module.aks_cluster.null_resource.kubernetes_cluster_name_keeper",
            "module.aks_cluster.null_resource.kubernetes_version_keeper",
            "module.aks_cluster.null_resource.pool_name_keeper",
            "module.aks_cluster.tls_private_key.ssh"
          ]
        }
      ]
    },
    {
      "mode": "managed",
      "type": "kubernetes_config_map",
      "name": "envoy",
      "provider": "provider[\"registry.terraform.io/hashicorp/kubernetes\"]",
      "instances": [
        {
          "schema_version": 0,
          "attributes": {
            "binary_data": {},
            "data": {
              "envoy.yaml": "admin:\n  address:\n    socket_address:\n      address: 0.0.0.0\n      port_value: 19000\ndynamic_resources:\n  ads_config:\n    api_type: GRPC\n    grpc_services:\n    - envoy_grpc:\n        cluster_name: xds_cluster\n    transport_api_version: V3\n  cds_config:\n    ads: {}\n    resource_api_version: V3\n  lds_config:\n    ads: {}\n    resource_api_version: V3\nnode:\n  cluster: frontend\n  id: mock\nstatic_resources:\n  clusters:\n  - load_assignment:\n      cluster_name: xds_cluster\n      endpoints:\n      - lb_endpoints:\n        - endpoint:\n            address:\n              socket_address:\n                address: xds-cluster\n                port_value: 18000\n    name: xds_cluster\n    type: STRICT_DNS\n    typed_extension_protocol_options:\n      envoy.extensions.upstreams.http.v3.HttpProtocolOptions:\n        '@type': type.googleapis.com/envoy.extensions.upstreams.http.v3.HttpProtocolOptions\n        explicit_http_config:\n          http2_protocol_options: {}\n"
            },
            "id": "default/envoy",
            "immutable": false,
            "metadata": [
              {
                "annotations": {},
                "generate_name": "",
                "generation": 0,
                "labels": {},
                "name": "envoy",
                "namespace": "default",
                "resource_version": "421842",
                "uid": "f85230bb-35d5-40ce-b908-6d2428b4c4d0"
              }
            ]
          },
          "sensitive_attributes": [],
          "private": "bnVsbA==",
          "dependencies": [
            "azurerm_resource_group.resource_group",
            "module.aks_cluster.azurerm_kubernetes_cluster.main",
            "module.aks_cluster.azurerm_log_analytics_workspace.main",
            "module.aks_cluster.data.azurerm_resource_group.main",
            "module.aks_cluster.null_resource.kubernetes_cluster_name_keeper",
            "module.aks_cluster.tls_private_key.ssh"
          ]
        }
      ]
    },
    {
      "mode": "managed",
      "type": "kubernetes_config_map",
      "name": "script",
      "provider": "provider[\"registry.terraform.io/hashicorp/kubernetes\"]",
      "instances": [
        {
          "schema_version": 0,
          "attributes": {
            "binary_data": {},
            "data": {
              "run.sh": "#!/bin/bash\n\napt-get update\napt-get install -y curl git\n\ncurl -L https://github.com/protoconf/protoconf/releases/download/v0.2.0-alpha1/protoconf_0.2.0-alpha1_linux_amd64.tar.gz -o /tmp/protoconf.tgz\ntar xvzf /tmp/protoconf.tgz -C /usr/local/bin\n\ncd /data\n\ngit clone https://github.com/protoconf/dogfooding.git\ncd dogfooding\n\nprotoconf mod tidy\ngit ls-files materialized_config | xargs protoconf insert -store=etcd -store-address=etcd:2380 .\nPREVIOUS=$(git rev-parse HEAD)\nfor sleep 15; do\n    git pull\n    git diff $PREVIOUS --name-only materialized_config | xargs protoconf insert -store=etcd -store-address=etcd:2380 .\n    PREVIOUS=$(git rev-parse HEAD)\ndone\n\n                    "
            },
            "id": "protoconf/script",
            "immutable": false,
            "metadata": [
              {
                "annotations": {},
                "generate_name": "",
                "generation": 0,
                "labels": {},
                "name": "script",
                "namespace": "protoconf",
                "resource_version": "424157",
                "uid": "36695286-e84c-43ca-bd31-ff3eddc4ac11"
              }
            ]
          },
          "sensitive_attributes": [],
          "private": "bnVsbA==",
          "dependencies": [
            "azurerm_resource_group.resource_group",
            "module.aks_cluster.azurerm_kubernetes_cluster.main",
            "module.aks_cluster.azurerm_log_analytics_workspace.main",
            "module.aks_cluster.data.azurerm_resource_group.main",
            "module.aks_cluster.null_resource.kubernetes_cluster_name_keeper",
            "module.aks_cluster.tls_private_key.ssh"
          ]
        }
      ]
    },
    {
      "mode": "managed",
      "type": "kubernetes_daemon_set_v1",
      "name": "protoconf-agent",
      "provider": "provider[\"registry.terraform.io/hashicorp/kubernetes\"]",
      "instances": [
        {
          "schema_version": 1,
          "attributes": {
            "id": "protoconf/protoconf-agent",
            "metadata": [
              {
                "annotations": {},
                "generate_name": "",
                "generation": 1,
                "labels": {
                  "port_name": "protoconf"
                },
                "name": "protoconf-agent",
                "namespace": "protoconf",
                "resource_version": "2001",
                "uid": "73cd74a4-6e54-4535-8dd8-dcbbc7dacb13"
              }
            ],
            "spec": [
              {
                "min_ready_seconds": 0,
                "revision_history_limit": 10,
                "selector": [
                  {
                    "match_expressions": [],
                    "match_labels": {
                      "port_name": "protoconf"
                    }
                  }
                ],
                "strategy": [
                  {
                    "rolling_update": [
                      {
                        "max_unavailable": "1"
                      }
                    ],
                    "type": "RollingUpdate"
                  }
                ],
                "template": [
                  {
                    "metadata": [
                      {
                        "annotations": {},
                        "generate_name": "",
                        "generation": 0,
                        "labels": {
                          "port_name": "protoconf"
                        },
                        "name": "",
                        "namespace": "",
                        "resource_version": "",
                        "uid": ""
                      }
                    ],
                    "spec": [
                      {
                        "active_deadline_seconds": 0,
                        "affinity": [],
                        "automount_service_account_token": true,
                        "container": [
                          {
                            "args": [
                              "agent",
                              "-store",
                              "etcd",
                              "-store-address",
                              "etcd:2380"
                            ],
                            "command": [],
                            "env": [],
                            "env_from": [],
                            "image": "ghcr.io/protoconf/protoconf:latest",
                            "image_pull_policy": "Always",
                            "lifecycle": [],
                            "liveness_probe": [],
                            "name": "protoconf-agent",
                            "port": [
                              {
                                "container_port": 4300,
                                "host_ip": "",
                                "host_port": 0,
                                "name": "protoconf",
                                "protocol": "TCP"
                              }
                            ],
                            "readiness_probe": [],
                            "resources": [
                              {
                                "limits": {},
                                "requests": {}
                              }
                            ],
                            "security_context": [],
                            "startup_probe": [],
                            "stdin": false,
                            "stdin_once": false,
                            "termination_message_path": "/dev/termination-log",
                            "termination_message_policy": "File",
                            "tty": false,
                            "volume_mount": [],
                            "working_dir": ""
                          }
                        ],
                        "dns_config": [],
                        "dns_policy": "ClusterFirst",
                        "enable_service_links": true,
                        "host_aliases": [],
                        "host_ipc": false,
                        "host_network": false,
                        "host_pid": false,
                        "hostname": "",
                        "image_pull_secrets": [],
                        "init_container": [],
                        "node_name": "",
                        "node_selector": {},
                        "os": [],
                        "priority_class_name": "",
                        "readiness_gate": [],
                        "restart_policy": "Always",
                        "runtime_class_name": "",
                        "scheduler_name": "default-scheduler",
                        "security_context": [],
                        "service_account_name": "",
                        "share_process_namespace": false,
                        "subdomain": "",
                        "termination_grace_period_seconds": 30,
                        "toleration": [],
                        "topology_spread_constraint": [],
                        "volume": []
                      }
                    ]
                  }
                ]
              }
            ],
            "timeouts": null,
            "wait_for_rollout": true
          },
          "sensitive_attributes": [],
          "private": "eyJlMmJmYjczMC1lY2FhLTExZTYtOGY4OC0zNDM2M2JjN2M0YzAiOnsiY3JlYXRlIjo2MDAwMDAwMDAwMDAsImRlbGV0ZSI6NjAwMDAwMDAwMDAwLCJ1cGRhdGUiOjYwMDAwMDAwMDAwMH0sInNjaGVtYV92ZXJzaW9uIjoiMSJ9",
          "dependencies": [
            "azurerm_resource_group.resource_group",
            "module.aks_cluster.azurerm_kubernetes_cluster.main",
            "module.aks_cluster.azurerm_log_analytics_workspace.main",
            "module.aks_cluster.data.azurerm_resource_group.main",
            "module.aks_cluster.null_resource.kubernetes_cluster_name_keeper",
            "module.aks_cluster.tls_private_key.ssh"
          ]
        }
      ]
    },
    {
      "mode": "managed",
      "type": "kubernetes_deployment",
      "name": "envoy",
      "provider": "provider[\"registry.terraform.io/hashicorp/kubernetes\"]",
      "instances": [
        {
          "schema_version": 1,
          "attributes": {
            "id": "default/envoy",
            "metadata": [
              {
                "annotations": {},
                "generate_name": "",
                "generation": 3,
                "labels": {
                  "port_name": "envoy"
                },
                "name": "envoy",
                "namespace": "default",
                "resource_version": "421923",
                "uid": "2390557d-7802-4d38-8f00-5216a1f06c73"
              }
            ],
            "spec": [
              {
                "min_ready_seconds": 0,
                "paused": false,
                "progress_deadline_seconds": 600,
                "replicas": "2",
                "revision_history_limit": 10,
                "selector": [
                  {
                    "match_expressions": [],
                    "match_labels": {
                      "port_name": "envoy"
                    }
                  }
                ],
                "strategy": [
                  {
                    "rolling_update": [
                      {
                        "max_surge": "25%",
                        "max_unavailable": "25%"
                      }
                    ],
                    "type": "RollingUpdate"
                  }
                ],
                "template": [
                  {
                    "metadata": [
                      {
                        "annotations": {},
                        "generate_name": "",
                        "generation": 0,
                        "labels": {
                          "port_name": "envoy"
                        },
                        "name": "",
                        "namespace": "",
                        "resource_version": "",
                        "uid": ""
                      }
                    ],
                    "spec": [
                      {
                        "active_deadline_seconds": 0,
                        "affinity": [],
                        "automount_service_account_token": true,
                        "container": [
                          {
                            "args": [],
                            "command": [],
                            "env": [],
                            "env_from": [],
                            "image": "envoyproxy/envoy:v1.30-latest",
                            "image_pull_policy": "IfNotPresent",
                            "lifecycle": [],
                            "liveness_probe": [],
                            "name": "envoy",
                            "port": [
                              {
                                "container_port": 10000,
                                "host_ip": "",
                                "host_port": 0,
                                "name": "envoy",
                                "protocol": "TCP"
                              }
                            ],
                            "readiness_probe": [],
                            "resources": [
                              {
                                "limits": {},
                                "requests": {}
                              }
                            ],
                            "security_context": [],
                            "startup_probe": [],
                            "stdin": false,
                            "stdin_once": false,
                            "termination_message_path": "/dev/termination-log",
                            "termination_message_policy": "File",
                            "tty": false,
                            "volume_mount": [
                              {
                                "mount_path": "/etc/envoy",
                                "mount_propagation": "None",
                                "name": "envoy",
                                "read_only": false,
                                "sub_path": ""
                              }
                            ],
                            "working_dir": ""
                          }
                        ],
                        "dns_config": [],
                        "dns_policy": "ClusterFirst",
                        "enable_service_links": true,
                        "host_aliases": [],
                        "host_ipc": false,
                        "host_network": false,
                        "host_pid": false,
                        "hostname": "",
                        "image_pull_secrets": [],
                        "init_container": [],
                        "node_name": "",
                        "node_selector": {},
                        "os": [],
                        "priority_class_name": "",
                        "readiness_gate": [],
                        "restart_policy": "Always",
                        "runtime_class_name": "",
                        "scheduler_name": "default-scheduler",
                        "security_context": [],
                        "service_account_name": "",
                        "share_process_namespace": false,
                        "subdomain": "",
                        "termination_grace_period_seconds": 30,
                        "toleration": [],
                        "topology_spread_constraint": [],
                        "volume": [
                          {
                            "aws_elastic_block_store": [],
                            "azure_disk": [],
                            "azure_file": [],
                            "ceph_fs": [],
                            "cinder": [],
                            "config_map": [
                              {
                                "default_mode": "0755",
                                "items": [],
                                "name": "envoy",
                                "optional": false
                              }
                            ],
                            "csi": [],
                            "downward_api": [],
                            "empty_dir": [],
                            "ephemeral": [],
                            "fc": [],
                            "flex_volume": [],
                            "flocker": [],
                            "gce_persistent_disk": [],
                            "git_repo": [],
                            "glusterfs": [],
                            "host_path": [],
                            "iscsi": [],
                            "local": [],
                            "name": "envoy",
                            "nfs": [],
                            "persistent_volume_claim": [],
                            "photon_persistent_disk": [],
                            "projected": [],
                            "quobyte": [],
                            "rbd": [],
                            "secret": [],
                            "vsphere_volume": []
                          }
                        ]
                      }
                    ]
                  }
                ]
              }
            ],
            "timeouts": null,
            "wait_for_rollout": true
          },
          "sensitive_attributes": [],
          "private": "eyJlMmJmYjczMC1lY2FhLTExZTYtOGY4OC0zNDM2M2JjN2M0YzAiOnsiY3JlYXRlIjo2MDAwMDAwMDAwMDAsImRlbGV0ZSI6NjAwMDAwMDAwMDAwLCJ1cGRhdGUiOjYwMDAwMDAwMDAwMH0sInNjaGVtYV92ZXJzaW9uIjoiMSJ9",
          "dependencies": [
            "azurerm_resource_group.resource_group",
            "module.aks_cluster.azurerm_kubernetes_cluster.main",
            "module.aks_cluster.azurerm_log_analytics_workspace.main",
            "module.aks_cluster.data.azurerm_resource_group.main",
            "module.aks_cluster.null_resource.kubernetes_cluster_name_keeper",
            "module.aks_cluster.tls_private_key.ssh"
          ]
        }
      ]
    },
    {
      "mode": "managed",
      "type": "kubernetes_namespace",
      "name": "protoconf",
      "provider": "provider[\"registry.terraform.io/hashicorp/kubernetes\"]",
      "instances": [
        {
          "schema_version": 0,
          "attributes": {
            "id": "protoconf",
            "metadata": [
              {
                "annotations": {},
                "generate_name": "",
                "generation": 0,
                "labels": {},
                "name": "protoconf",
                "resource_version": "1815",
                "uid": "1fc85f0b-30f1-437e-a867-974ceab2c0e8"
              }
            ],
            "timeouts": null,
            "wait_for_default_service_account": false
          },
          "sensitive_attributes": [],
          "private": "eyJlMmJmYjczMC1lY2FhLTExZTYtOGY4OC0zNDM2M2JjN2M0YzAiOnsiZGVsZXRlIjozMDAwMDAwMDAwMDB9fQ==",
          "dependencies": [
            "azurerm_resource_group.resource_group",
            "module.aks_cluster.azurerm_kubernetes_cluster.main",
            "module.aks_cluster.azurerm_log_analytics_workspace.main",
            "module.aks_cluster.data.azurerm_resource_group.main",
            "module.aks_cluster.null_resource.kubernetes_cluster_name_keeper",
            "module.aks_cluster.tls_private_key.ssh"
          ]
        }
      ]
    },
    {
      "mode": "managed",
      "type": "kubernetes_service",
      "name": "envoy",
      "provider": "provider[\"registry.terraform.io/hashicorp/kubernetes\"]",
      "instances": [
        {
          "schema_version": 1,
          "attributes": {
            "id": "default/envoy",
            "metadata": [
              {
                "annotations": {
                  "service.beta.kubernetes.io/azure-load-balancer-internal": "false"
                },
                "generate_name": "",
                "generation": 0,
                "labels": {},
                "name": "envoy",
                "namespace": "default",
                "resource_version": "421848",
                "uid": "6df441da-2892-439f-81ac-e70fa125bd83"
              }
            ],
            "spec": [
              {
                "allocate_load_balancer_node_ports": true,
                "cluster_ip": "10.0.251.60",
                "cluster_ips": [
                  "10.0.251.60"
                ],
                "external_ips": [],
                "external_name": "",
                "external_traffic_policy": "Cluster",
                "health_check_node_port": 0,
                "internal_traffic_policy": "Cluster",
                "ip_families": [
                  "IPv4"
                ],
                "ip_family_policy": "SingleStack",
                "load_balancer_class": "",
                "load_balancer_ip": "",
                "load_balancer_source_ranges": [],
                "port": [
                  {
                    "app_protocol": "",
                    "name": "envoy",
                    "node_port": 32545,
                    "port": 10000,
                    "protocol": "TCP",
                    "target_port": "10000"
                  }
                ],
                "publish_not_ready_addresses": false,
                "selector": {
                  "port_name": "envoy"
                },
                "session_affinity": "None",
                "session_affinity_config": [],
                "type": "LoadBalancer"
              }
            ],
            "status": [
              {
                "load_balancer": [
                  {
                    "ingress": [
                      {
                        "hostname": "",
                        "ip": "52.253.83.120"
                      }
                    ]
                  }
                ]
              }
            ],
            "timeouts": null,
            "wait_for_load_balancer": true
          },
          "sensitive_attributes": [],
          "private": "eyJlMmJmYjczMC1lY2FhLTExZTYtOGY4OC0zNDM2M2JjN2M0YzAiOnsiY3JlYXRlIjo2MDAwMDAwMDAwMDB9LCJzY2hlbWFfdmVyc2lvbiI6IjEifQ==",
          "dependencies": [
            "azurerm_resource_group.resource_group",
            "module.aks_cluster.azurerm_kubernetes_cluster.main",
            "module.aks_cluster.azurerm_log_analytics_workspace.main",
            "module.aks_cluster.data.azurerm_resource_group.main",
            "module.aks_cluster.null_resource.kubernetes_cluster_name_keeper",
            "module.aks_cluster.tls_private_key.ssh"
          ]
        }
      ]
    },
    {
      "mode": "managed",
      "type": "kubernetes_service",
      "name": "etcd",
      "provider": "provider[\"registry.terraform.io/hashicorp/kubernetes\"]",
      "instances": [
        {
          "schema_version": 1,
          "attributes": {
            "id": "protoconf/etcd",
            "metadata": [
              {
                "annotations": {},
                "generate_name": "",
                "generation": 0,
                "labels": {},
                "name": "etcd",
                "namespace": "protoconf",
                "resource_version": "1827",
                "uid": "8bc429ea-c8af-410f-a1f2-5b2480a9c72a"
              }
            ],
            "spec": [
              {
                "allocate_load_balancer_node_ports": true,
                "cluster_ip": "None",
                "cluster_ips": [
                  "None"
                ],
                "external_ips": [],
                "external_name": "",
                "external_traffic_policy": "",
                "health_check_node_port": 0,
                "internal_traffic_policy": "Cluster",
                "ip_families": [
                  "IPv4"
                ],
                "ip_family_policy": "SingleStack",
                "load_balancer_class": "",
                "load_balancer_ip": "",
                "load_balancer_source_ranges": [],
                "port": [
                  {
                    "app_protocol": "",
                    "name": "client",
                    "node_port": 0,
                    "port": 2379,
                    "protocol": "TCP",
                    "target_port": "2379"
                  }
                ],
                "publish_not_ready_addresses": false,
                "selector": {
                  "port_name": "etcd"
                },
                "session_affinity": "None",
                "session_affinity_config": [],
                "type": "ClusterIP"
              }
            ],
            "status": [
              {
                "load_balancer": [
                  {
                    "ingress": []
                  }
                ]
              }
            ],
            "timeouts": null,
            "wait_for_load_balancer": true
          },
          "sensitive_attributes": [],
          "private": "eyJlMmJmYjczMC1lY2FhLTExZTYtOGY4OC0zNDM2M2JjN2M0YzAiOnsiY3JlYXRlIjo2MDAwMDAwMDAwMDB9LCJzY2hlbWFfdmVyc2lvbiI6IjEifQ==",
          "dependencies": [
            "azurerm_resource_group.resource_group",
            "module.aks_cluster.azurerm_kubernetes_cluster.main",
            "module.aks_cluster.azurerm_log_analytics_workspace.main",
            "module.aks_cluster.data.azurerm_resource_group.main",
            "module.aks_cluster.null_resource.kubernetes_cluster_name_keeper",
            "module.aks_cluster.tls_private_key.ssh"
          ]
        }
      ]
    },
    {
      "mode": "managed",
      "type": "kubernetes_service",
      "name": "etcd-client",
      "provider": "provider[\"registry.terraform.io/hashicorp/kubernetes\"]",
      "instances": [
        {
          "schema_version": 1,
          "attributes": {
            "id": "protoconf/etcd-client",
            "metadata": [
              {
                "annotations": {},
                "generate_name": "",
                "generation": 0,
                "labels": {},
                "name": "etcd-client",
                "namespace": "protoconf",
                "resource_version": "1832",
                "uid": "0fb303c4-ebbb-4bf4-8ce9-05bd5354cbe9"
              }
            ],
            "spec": [
              {
                "allocate_load_balancer_node_ports": true,
                "cluster_ip": "10.0.4.185",
                "cluster_ips": [
                  "10.0.4.185"
                ],
                "external_ips": [],
                "external_name": "",
                "external_traffic_policy": "",
                "health_check_node_port": 0,
                "internal_traffic_policy": "Cluster",
                "ip_families": [
                  "IPv4"
                ],
                "ip_family_policy": "SingleStack",
                "load_balancer_class": "",
                "load_balancer_ip": "",
                "load_balancer_source_ranges": [],
                "port": [
                  {
                    "app_protocol": "",
                    "name": "etcd-client",
                    "node_port": 0,
                    "port": 2379,
                    "protocol": "TCP",
                    "target_port": "2379"
                  }
                ],
                "publish_not_ready_addresses": false,
                "selector": {
                  "port_name": "etcd-client"
                },
                "session_affinity": "None",
                "session_affinity_config": [],
                "type": "ClusterIP"
              }
            ],
            "status": [
              {
                "load_balancer": [
                  {
                    "ingress": []
                  }
                ]
              }
            ],
            "timeouts": null,
            "wait_for_load_balancer": true
          },
          "sensitive_attributes": [],
          "private": "eyJlMmJmYjczMC1lY2FhLTExZTYtOGY4OC0zNDM2M2JjN2M0YzAiOnsiY3JlYXRlIjo2MDAwMDAwMDAwMDB9LCJzY2hlbWFfdmVyc2lvbiI6IjEifQ==",
          "dependencies": [
            "azurerm_resource_group.resource_group",
            "module.aks_cluster.azurerm_kubernetes_cluster.main",
            "module.aks_cluster.azurerm_log_analytics_workspace.main",
            "module.aks_cluster.data.azurerm_resource_group.main",
            "module.aks_cluster.null_resource.kubernetes_cluster_name_keeper",
            "module.aks_cluster.tls_private_key.ssh"
          ]
        }
      ]
    },
    {
      "mode": "managed",
      "type": "kubernetes_service",
      "name": "protoconf",
      "provider": "provider[\"registry.terraform.io/hashicorp/kubernetes\"]",
      "instances": [
        {
          "schema_version": 1,
          "attributes": {
            "id": "protoconf/protoconf",
            "metadata": [
              {
                "annotations": {},
                "generate_name": "",
                "generation": 0,
                "labels": {},
                "name": "protoconf",
                "namespace": "protoconf",
                "resource_version": "1837",
                "uid": "f6ea2b3f-a2e9-4fd1-876a-d8e221af4064"
              }
            ],
            "spec": [
              {
                "allocate_load_balancer_node_ports": true,
                "cluster_ip": "10.0.255.44",
                "cluster_ips": [
                  "10.0.255.44"
                ],
                "external_ips": [],
                "external_name": "",
                "external_traffic_policy": "",
                "health_check_node_port": 0,
                "internal_traffic_policy": "Cluster",
                "ip_families": [
                  "IPv4"
                ],
                "ip_family_policy": "SingleStack",
                "load_balancer_class": "",
                "load_balancer_ip": "",
                "load_balancer_source_ranges": [],
                "port": [
                  {
                    "app_protocol": "",
                    "name": "protoconf",
                    "node_port": 0,
                    "port": 4300,
                    "protocol": "TCP",
                    "target_port": "4300"
                  }
                ],
                "publish_not_ready_addresses": false,
                "selector": {
                  "port_name": "protoconf"
                },
                "session_affinity": "None",
                "session_affinity_config": [],
                "type": "ClusterIP"
              }
            ],
            "status": [
              {
                "load_balancer": [
                  {
                    "ingress": []
                  }
                ]
              }
            ],
            "timeouts": null,
            "wait_for_load_balancer": true
          },
          "sensitive_attributes": [],
          "private": "eyJlMmJmYjczMC1lY2FhLTExZTYtOGY4OC0zNDM2M2JjN2M0YzAiOnsiY3JlYXRlIjo2MDAwMDAwMDAwMDB9LCJzY2hlbWFfdmVyc2lvbiI6IjEifQ==",
          "dependencies": [
            "azurerm_resource_group.resource_group",
            "module.aks_cluster.azurerm_kubernetes_cluster.main",
            "module.aks_cluster.azurerm_log_analytics_workspace.main",
            "module.aks_cluster.data.azurerm_resource_group.main",
            "module.aks_cluster.null_resource.kubernetes_cluster_name_keeper",
            "module.aks_cluster.tls_private_key.ssh"
          ]
        }
      ]
    },
    {
      "mode": "managed",
      "type": "kubernetes_service",
      "name": "protoconf-insert",
      "provider": "provider[\"registry.terraform.io/hashicorp/kubernetes\"]",
      "instances": [
        {
          "schema_version": 1,
          "attributes": {
            "id": "protoconf/protoconf-insert",
            "metadata": [
              {
                "annotations": {},
                "generate_name": "",
                "generation": 0,
                "labels": {},
                "name": "protoconf-insert",
                "namespace": "protoconf",
                "resource_version": "422833",
                "uid": "acf0e2bc-e5ed-4a67-95f4-c19a2614d5e4"
              }
            ],
            "spec": [
              {
                "allocate_load_balancer_node_ports": true,
                "cluster_ip": "10.0.222.151",
                "cluster_ips": [
                  "10.0.222.151"
                ],
                "external_ips": [],
                "external_name": "",
                "external_traffic_policy": "",
                "health_check_node_port": 0,
                "internal_traffic_policy": "Cluster",
                "ip_families": [
                  "IPv4"
                ],
                "ip_family_policy": "SingleStack",
                "load_balancer_class": "",
                "load_balancer_ip": "",
                "load_balancer_source_ranges": [],
                "port": [
                  {
                    "app_protocol": "",
                    "name": "protoconf-insert",
                    "node_port": 0,
                    "port": 4300,
                    "protocol": "TCP",
                    "target_port": "4300"
                  }
                ],
                "publish_not_ready_addresses": false,
                "selector": {
                  "port_name": "protoconf-insert"
                },
                "session_affinity": "None",
                "session_affinity_config": [],
                "type": "ClusterIP"
              }
            ],
            "status": [
              {
                "load_balancer": [
                  {
                    "ingress": []
                  }
                ]
              }
            ],
            "timeouts": null,
            "wait_for_load_balancer": true
          },
          "sensitive_attributes": [],
          "private": "eyJlMmJmYjczMC1lY2FhLTExZTYtOGY4OC0zNDM2M2JjN2M0YzAiOnsiY3JlYXRlIjo2MDAwMDAwMDAwMDB9LCJzY2hlbWFfdmVyc2lvbiI6IjEifQ==",
          "dependencies": [
            "azurerm_resource_group.resource_group",
            "module.aks_cluster.azurerm_kubernetes_cluster.main",
            "module.aks_cluster.azurerm_log_analytics_workspace.main",
            "module.aks_cluster.data.azurerm_resource_group.main",
            "module.aks_cluster.null_resource.kubernetes_cluster_name_keeper",
            "module.aks_cluster.tls_private_key.ssh"
          ]
        }
      ]
    },
    {
      "mode": "managed",
      "type": "kubernetes_stateful_set",
      "name": "etcd",
      "provider": "provider[\"registry.terraform.io/hashicorp/kubernetes\"]",
      "instances": [
        {
          "schema_version": 1,
          "attributes": {
            "id": "protoconf/etcd",
            "metadata": [
              {
                "annotations": {},
                "generate_name": "",
                "generation": 1,
                "labels": {
                  "port_name": "etcd"
                },
                "name": "etcd",
                "namespace": "protoconf",
                "resource_version": "2488",
                "uid": "c15795a5-c2aa-4518-a251-9277c20f54c6"
              }
            ],
            "spec": [
              {
                "persistent_volume_claim_retention_policy": [
                  {
                    "when_deleted": "Retain",
                    "when_scaled": "Retain"
                  }
                ],
                "pod_management_policy": "OrderedReady",
                "replicas": "3",
                "revision_history_limit": 0,
                "selector": [
                  {
                    "match_expressions": [],
                    "match_labels": {
                      "port_name": "etcd"
                    }
                  }
                ],
                "service_name": "etcd",
                "template": [
                  {
                    "metadata": [
                      {
                        "annotations": {},
                        "generate_name": "",
                        "generation": 0,
                        "labels": {
                          "port_name": "etcd"
                        },
                        "name": "",
                        "namespace": "",
                        "resource_version": "",
                        "uid": ""
                      }
                    ],
                    "spec": [
                      {
                        "active_deadline_seconds": 0,
                        "affinity": [],
                        "automount_service_account_token": true,
                        "container": [
                          {
                            "args": [],
                            "command": [
                              "sh",
                              "-c",
                              "etcd --name ${HOSTNAME} --advertise-client-urls http://${HOSTNAME}.etcd:2379 --initial-advertise-peer-urls http://${HOSTNAME}:2380 --initial-cluster etcd-0=http://etcd-0.etcd:2380,etcd-1=http://etcd-1.etcd:2380,etcd-2=http://etcd-2.etcd:2380"
                            ],
                            "env": [
                              {
                                "name": "ETCD_LISTEN_PEER_URLS",
                                "value": "http://0.0.0.0:2380",
                                "value_from": []
                              },
                              {
                                "name": "ETCD_LISTEN_CLIENT_URLS",
                                "value": "http://0.0.0.0:2379",
                                "value_from": []
                              },
                              {
                                "name": "ETCD_DATA_DIR",
                                "value": "/var/run/etcd/default.etcd",
                                "value_from": []
                              }
                            ],
                            "env_from": [],
                            "image": "quay.io/coreos/etcd:latest",
                            "image_pull_policy": "Always",
                            "lifecycle": [],
                            "liveness_probe": [],
                            "name": "etcd",
                            "port": [
                              {
                                "container_port": 2379,
                                "host_ip": "",
                                "host_port": 0,
                                "name": "etcd-client",
                                "protocol": "TCP"
                              },
                              {
                                "container_port": 2380,
                                "host_ip": "",
                                "host_port": 0,
                                "name": "peer",
                                "protocol": "TCP"
                              },
                              {
                                "container_port": 2379,
                                "host_ip": "",
                                "host_port": 0,
                                "name": "client",
                                "protocol": "TCP"
                              }
                            ],
                            "readiness_probe": [],
                            "resources": [
                              {
                                "limits": {},
                                "requests": {}
                              }
                            ],
                            "security_context": [],
                            "startup_probe": [],
                            "stdin": false,
                            "stdin_once": false,
                            "termination_message_path": "/dev/termination-log",
                            "termination_message_policy": "File",
                            "tty": false,
                            "volume_mount": [
                              {
                                "mount_path": "/var/run/etcd",
                                "mount_propagation": "None",
                                "name": "data",
                                "read_only": false,
                                "sub_path": ""
                              }
                            ],
                            "working_dir": ""
                          }
                        ],
                        "dns_config": [],
                        "dns_policy": "ClusterFirst",
                        "enable_service_links": true,
                        "host_aliases": [],
                        "host_ipc": false,
                        "host_network": false,
                        "host_pid": false,
                        "hostname": "",
                        "image_pull_secrets": [],
                        "init_container": [],
                        "node_name": "",
                        "node_selector": {},
                        "os": [],
                        "priority_class_name": "",
                        "readiness_gate": [],
                        "restart_policy": "Always",
                        "runtime_class_name": "",
                        "scheduler_name": "default-scheduler",
                        "security_context": [],
                        "service_account_name": "",
                        "share_process_namespace": false,
                        "subdomain": "",
                        "termination_grace_period_seconds": 30,
                        "toleration": [],
                        "topology_spread_constraint": [],
                        "volume": []
                      }
                    ]
                  }
                ],
                "update_strategy": [],
                "volume_claim_template": [
                  {
                    "metadata": [
                      {
                        "annotations": {},
                        "generate_name": "",
                        "generation": 0,
                        "labels": {},
                        "name": "data",
                        "namespace": "protoconf",
                        "resource_version": "",
                        "uid": ""
                      }
                    ],
                    "spec": [
                      {
                        "access_modes": [
                          "ReadWriteOnce"
                        ],
                        "resources": [
                          {
                            "limits": {},
                            "requests": {
                              "storage": "10Gi"
                            }
                          }
                        ],
                        "selector": [],
                        "storage_class_name": "",
                        "volume_mode": "Filesystem",
                        "volume_name": ""
                      }
                    ]
                  }
                ]
              }
            ],
            "timeouts": null,
            "wait_for_rollout": true
          },
          "sensitive_attributes": [],
          "private": "eyJlMmJmYjczMC1lY2FhLTExZTYtOGY4OC0zNDM2M2JjN2M0YzAiOnsiY3JlYXRlIjo2MDAwMDAwMDAwMDAsImRlbGV0ZSI6NjAwMDAwMDAwMDAwLCJyZWFkIjo2MDAwMDAwMDAwMDAsInVwZGF0ZSI6NjAwMDAwMDAwMDAwfSwic2NoZW1hX3ZlcnNpb24iOiIxIn0=",
          "dependencies": [
            "azurerm_resource_group.resource_group",
            "module.aks_cluster.azurerm_kubernetes_cluster.main",
            "module.aks_cluster.azurerm_log_analytics_workspace.main",
            "module.aks_cluster.data.azurerm_resource_group.main",
            "module.aks_cluster.null_resource.kubernetes_cluster_name_keeper",
            "module.aks_cluster.tls_private_key.ssh"
          ]
        }
      ]
    },
    {
      "mode": "managed",
      "type": "kubernetes_stateful_set",
      "name": "protoconf-insert",
      "provider": "provider[\"registry.terraform.io/hashicorp/kubernetes\"]",
      "instances": [
        {
          "schema_version": 1,
          "attributes": {
            "id": "protoconf/protoconf-insert",
            "metadata": [
              {
                "annotations": {},
                "generate_name": "",
                "generation": 2,
                "labels": {
                  "port_name": "protoconf-insert"
                },
                "name": "protoconf-insert",
                "namespace": "protoconf",
                "resource_version": "424998",
                "uid": "33b4a938-e5c4-48ec-a504-765f222b11fe"
              }
            ],
            "spec": [
              {
                "persistent_volume_claim_retention_policy": [
                  {
                    "when_deleted": "Retain",
                    "when_scaled": "Retain"
                  }
                ],
                "pod_management_policy": "OrderedReady",
                "replicas": "1",
                "revision_history_limit": 0,
                "selector": [
                  {
                    "match_expressions": [],
                    "match_labels": {
                      "port_name": "protoconf-insert"
                    }
                  }
                ],
                "service_name": "protoconf-insert",
                "template": [
                  {
                    "metadata": [
                      {
                        "annotations": {},
                        "generate_name": "",
                        "generation": 0,
                        "labels": {
                          "port_name": "protoconf-insert"
                        },
                        "name": "",
                        "namespace": "",
                        "resource_version": "",
                        "uid": ""
                      }
                    ],
                    "spec": [
                      {
                        "active_deadline_seconds": 0,
                        "affinity": [],
                        "automount_service_account_token": true,
                        "container": [
                          {
                            "args": [
                              "/srv/script/run.sh"
                            ],
                            "command": [
                              "bash"
                            ],
                            "env": [],
                            "env_from": [],
                            "image": "ubuntu:22.04",
                            "image_pull_policy": "IfNotPresent",
                            "lifecycle": [],
                            "liveness_probe": [],
                            "name": "protoconf-insert",
                            "port": [
                              {
                                "container_port": 4300,
                                "host_ip": "",
                                "host_port": 0,
                                "name": "rotoconf-insert",
                                "protocol": "TCP"
                              }
                            ],
                            "readiness_probe": [],
                            "resources": [
                              {
                                "limits": {},
                                "requests": {}
                              }
                            ],
                            "security_context": [],
                            "startup_probe": [],
                            "stdin": false,
                            "stdin_once": false,
                            "termination_message_path": "/dev/termination-log",
                            "termination_message_policy": "File",
                            "tty": false,
                            "volume_mount": [
                              {
                                "mount_path": "/data",
                                "mount_propagation": "None",
                                "name": "data",
                                "read_only": false,
                                "sub_path": ""
                              },
                              {
                                "mount_path": "/srv/script",
                                "mount_propagation": "None",
                                "name": "script",
                                "read_only": false,
                                "sub_path": ""
                              }
                            ],
                            "working_dir": ""
                          }
                        ],
                        "dns_config": [],
                        "dns_policy": "ClusterFirst",
                        "enable_service_links": true,
                        "host_aliases": [],
                        "host_ipc": false,
                        "host_network": false,
                        "host_pid": false,
                        "hostname": "",
                        "image_pull_secrets": [],
                        "init_container": [],
                        "node_name": "",
                        "node_selector": {},
                        "os": [],
                        "priority_class_name": "",
                        "readiness_gate": [],
                        "restart_policy": "Always",
                        "runtime_class_name": "",
                        "scheduler_name": "default-scheduler",
                        "security_context": [],
                        "service_account_name": "",
                        "share_process_namespace": false,
                        "subdomain": "",
                        "termination_grace_period_seconds": 30,
                        "toleration": [],
                        "topology_spread_constraint": [],
                        "volume": [
                          {
                            "aws_elastic_block_store": [],
                            "azure_disk": [],
                            "azure_file": [],
                            "ceph_fs": [],
                            "cinder": [],
                            "config_map": [
                              {
                                "default_mode": "0755",
                                "items": [],
                                "name": "script",
                                "optional": false
                              }
                            ],
                            "csi": [],
                            "downward_api": [],
                            "empty_dir": [],
                            "ephemeral": [],
                            "fc": [],
                            "flex_volume": [],
                            "flocker": [],
                            "gce_persistent_disk": [],
                            "git_repo": [],
                            "glusterfs": [],
                            "host_path": [],
                            "iscsi": [],
                            "local": [],
                            "name": "script",
                            "nfs": [],
                            "persistent_volume_claim": [],
                            "photon_persistent_disk": [],
                            "projected": [],
                            "quobyte": [],
                            "rbd": [],
                            "secret": [],
                            "vsphere_volume": []
                          }
                        ]
                      }
                    ]
                  }
                ],
                "update_strategy": [],
                "volume_claim_template": [
                  {
                    "metadata": [
                      {
                        "annotations": {},
                        "generate_name": "",
                        "generation": 0,
                        "labels": {},
                        "name": "data",
                        "namespace": "protoconf",
                        "resource_version": "",
                        "uid": ""
                      }
                    ],
                    "spec": [
                      {
                        "access_modes": [
                          "ReadWriteOnce"
                        ],
                        "resources": [
                          {
                            "limits": {},
                            "requests": {
                              "storage": "10Gi"
                            }
                          }
                        ],
                        "selector": [],
                        "storage_class_name": "",
                        "volume_mode": "Filesystem",
                        "volume_name": ""
                      }
                    ]
                  }
                ]
              }
            ],
            "timeouts": null,
            "wait_for_rollout": true
          },
          "sensitive_attributes": [],
          "private": "eyJlMmJmYjczMC1lY2FhLTExZTYtOGY4OC0zNDM2M2JjN2M0YzAiOnsiY3JlYXRlIjo2MDAwMDAwMDAwMDAsImRlbGV0ZSI6NjAwMDAwMDAwMDAwLCJyZWFkIjo2MDAwMDAwMDAwMDAsInVwZGF0ZSI6NjAwMDAwMDAwMDAwfSwic2NoZW1hX3ZlcnNpb24iOiIxIn0=",
          "dependencies": [
            "azurerm_resource_group.resource_group",
            "module.aks_cluster.azurerm_kubernetes_cluster.main",
            "module.aks_cluster.azurerm_log_analytics_workspace.main",
            "module.aks_cluster.data.azurerm_resource_group.main",
            "module.aks_cluster.null_resource.kubernetes_cluster_name_keeper",
            "module.aks_cluster.tls_private_key.ssh"
          ]
        }
      ]
    },
    {
      "module": "module.aks_cluster",
      "mode": "data",
      "type": "azurerm_client_config",
      "name": "this",
      "provider": "provider[\"registry.terraform.io/hashicorp/azurerm\"]",
      "instances": [
        {
          "schema_version": 0,
          "attributes": {
            "client_id": "04b07795-8ddb-461a-bbee-02f9e1bf7b46",
            "id": "Y2xpZW50Q29uZmlncy9jbGllbnRJZD0wNGIwNzc5NS04ZGRiLTQ2MWEtYmJlZS0wMmY5ZTFiZjdiNDY7b2JqZWN0SWQ9MzQxMDQxMzAtZjlhYi00NGI0LTgyNmYtNThkMDBhMjlhZDA1O3N1YnNjcmlwdGlvbklkPWRmMTQyZDE0LTZmMzYtNDU5OC04YmMyLWJkNDVhZTgxZTc3ZTt0ZW5hbnRJZD1mYzViN2I1OS03MjkwLTRkMzktODUzZC04MDg1OTk2YzkzZjk=",
            "object_id": "34104130-f9ab-44b4-826f-58d00a29ad05",
            "subscription_id": "df142d14-6f36-4598-8bc2-bd45ae81e77e",
            "tenant_id": "fc5b7b59-7290-4d39-853d-8085996c93f9",
            "timeouts": null
          },
          "sensitive_attributes": []
        }
      ]
    },
    {
      "module": "module.aks_cluster",
      "mode": "data",
      "type": "azurerm_resource_group",
      "name": "main",
      "provider": "provider[\"registry.terraform.io/hashicorp/azurerm\"]",
      "instances": [
        {
          "schema_version": 0,
          "attributes": {
            "id": "/subscriptions/df142d14-6f36-4598-8bc2-bd45ae81e77e/resourceGroups/pconf-dev-southeastasia",
            "location": "southeastasia",
            "managed_by": "",
            "name": "pconf-dev-southeastasia",
            "tags": {},
            "timeouts": null
          },
          "sensitive_attributes": []
        }
      ]
    },
    {
      "module": "module.aks_cluster",
      "mode": "managed",
      "type": "azapi_update_resource",
      "name": "aks_cluster_post_create",
      "provider": "provider[\"registry.terraform.io/azure/azapi\"]",
      "instances": [
        {
          "schema_version": 0,
          "attributes": {
            "body": "{\"properties\":{\"kubernetesVersion\":\"1.28\"}}",
            "id": "/subscriptions/df142d14-6f36-4598-8bc2-bd45ae81e77e/resourceGroups/pconf-dev-southeastasia/providers/Microsoft.ContainerService/managedClusters/pconf-dev-southeastasia-aks",
            "ignore_body_changes": null,
            "ignore_casing": false,
            "ignore_missing_property": true,
            "locks": null,
            "name": "pconf-dev-southeastasia-aks",
            "output": "{}",
            "parent_id": "/subscriptions/df142d14-6f36-4598-8bc2-bd45ae81e77e/resourceGroups/pconf-dev-southeastasia",
            "resource_id": "/subscriptions/df142d14-6f36-4598-8bc2-bd45ae81e77e/resourceGroups/pconf-dev-southeastasia/providers/Microsoft.ContainerService/managedClusters/pconf-dev-southeastasia-aks",
            "response_export_values": null,
            "timeouts": null,
            "type": "Microsoft.ContainerService/managedClusters@2023-01-02-preview"
          },
          "sensitive_attributes": [],
          "private": "eyJlMmJmYjczMC1lY2FhLTExZTYtOGY4OC0zNDM2M2JjN2M0YzAiOnsiY3JlYXRlIjoxODAwMDAwMDAwMDAwLCJkZWxldGUiOjE4MDAwMDAwMDAwMDAsInJlYWQiOjMwMDAwMDAwMDAwMCwidXBkYXRlIjoxODAwMDAwMDAwMDAwfX0=",
          "dependencies": [
            "azurerm_resource_group.resource_group",
            "module.aks_cluster.azurerm_kubernetes_cluster.main",
            "module.aks_cluster.azurerm_log_analytics_workspace.main",
            "module.aks_cluster.data.azurerm_resource_group.main",
            "module.aks_cluster.null_resource.kubernetes_cluster_name_keeper",
            "module.aks_cluster.null_resource.kubernetes_version_keeper",
            "module.aks_cluster.tls_private_key.ssh"
          ],
          "create_before_destroy": true
        }
      ]
    },
    {
      "module": "module.aks_cluster",
      "mode": "managed",
      "type": "azurerm_kubernetes_cluster",
      "name": "main",
      "provider": "provider[\"registry.terraform.io/hashicorp/azurerm\"]",
      "instances": [
        {
          "schema_version": 2,
          "attributes": {
            "aci_connector_linux": [],
            "api_server_access_profile": [],
            "api_server_authorized_ip_ranges": [],
            "auto_scaler_profile": [],
            "automatic_channel_upgrade": "",
            "azure_active_directory_role_based_access_control": [],
            "azure_policy_enabled": false,
            "confidential_computing": [],
            "current_kubernetes_version": "1.28.9",
            "custom_ca_trust_certificates_base64": [],
            "default_node_pool": [
              {
                "capacity_reservation_group_id": "",
                "custom_ca_trust_enabled": false,
                "enable_auto_scaling": false,
                "enable_host_encryption": false,
                "enable_node_public_ip": false,
                "fips_enabled": false,
                "gpu_instance": "",
                "host_group_id": "",
                "kubelet_config": [],
                "kubelet_disk_type": "OS",
                "linux_os_config": [],
                "max_count": 0,
                "max_pods": 110,
                "message_of_the_day": "",
                "min_count": 0,
                "name": "nodepool",
                "node_count": 2,
                "node_labels": {},
                "node_network_profile": [],
                "node_public_ip_prefix_id": "",
                "node_taints": [],
                "only_critical_addons_enabled": false,
                "orchestrator_version": "1.28",
                "os_disk_size_gb": 50,
                "os_disk_type": "Managed",
                "os_sku": "Ubuntu",
                "pod_subnet_id": "",
                "proximity_placement_group_id": "",
                "scale_down_mode": "Delete",
                "snapshot_id": "",
                "tags": {},
                "temporary_name_for_rotation": "",
                "type": "VirtualMachineScaleSets",
                "ultra_ssd_enabled": false,
                "upgrade_settings": [
                  {
                    "max_surge": "10%"
                  }
                ],
                "vm_size": "Standard_D2s_v3",
                "vnet_subnet_id": "",
                "workload_runtime": "",
                "zones": []
              }
            ],
            "disk_encryption_set_id": "",
            "dns_prefix": "pconf-dev-southeastasia",
            "dns_prefix_private_cluster": "",
            "edge_zone": "",
            "enable_pod_security_policy": false,
            "fqdn": "pconf-dev-southeastasia-3k5chf47.hcp.southeastasia.azmk8s.io",
            "http_application_routing_enabled": false,
            "http_application_routing_zone_name": "",
            "http_proxy_config": [],
            "id": "/subscriptions/df142d14-6f36-4598-8bc2-bd45ae81e77e/resourceGroups/pconf-dev-southeastasia/providers/Microsoft.ContainerService/managedClusters/pconf-dev-southeastasia-aks",
            "identity": [
              {
                "identity_ids": [],
                "principal_id": "1fd027c6-d57d-4bd0-a460-37488a127528",
                "tenant_id": "fc5b7b59-7290-4d39-853d-8085996c93f9",
                "type": "SystemAssigned"
              }
            ],
            "image_cleaner_enabled": false,
            "image_cleaner_interval_hours": 48,
            "ingress_application_gateway": [
              {
                "effective_gateway_id": "/subscriptions/df142d14-6f36-4598-8bc2-bd45ae81e77e/resourceGroups/MC_pconf-dev-southeastasia_pconf-dev-southeastasia-aks_southeastasia/providers/Microsoft.Network/applicationGateways/ingress",
                "gateway_id": "",
                "gateway_name": "ingress",
                "ingress_application_gateway_identity": [
                  {
                    "client_id": "24912bf0-9703-4cbd-b29c-163fdf0fc22d",
                    "object_id": "515a5adf-a114-4343-8b31-702c4a4cb780",
                    "user_assigned_identity_id": "/subscriptions/df142d14-6f36-4598-8bc2-bd45ae81e77e/resourcegroups/MC_pconf-dev-southeastasia_pconf-dev-southeastasia-aks_southeastasia/providers/Microsoft.ManagedIdentity/userAssignedIdentities/ingressapplicationgateway-pconf-dev-southeastasia-aks"
                  }
                ],
                "subnet_cidr": "10.225.0.0/16",
                "subnet_id": ""
              }
            ],
            "key_management_service": [],
            "key_vault_secrets_provider": [],
            "kube_admin_config": [],
            "kube_admin_config_raw": "",
            "kube_config": [
              {
                "client_certificate": "LS0tLS1CRUdJTiBDRVJUSUZJQ0FURS0tLS0tCk1JSUZIakNDQXdhZ0F3SUJBZ0lSQU5DcFYxWWZwWmpWM25lVlRsdG5OMUl3RFFZSktvWklodmNOQVFFTEJRQXcKRFRFTE1Ba0dBMVVFQXhNQ1kyRXdIaGNOTWpRd05URTFNREl3T1RJMldoY05Nall3TlRFMU1ESXhPVEkyV2pBdwpNUmN3RlFZRFZRUUtFdzV6ZVhOMFpXMDZiV0Z6ZEdWeWN6RVZNQk1HQTFVRUF4TU1iV0Z6ZEdWeVkyeHBaVzUwCk1JSUNJakFOQmdrcWhraUc5dzBCQVFFRkFBT0NBZzhBTUlJQ0NnS0NBZ0VBME45aDl3Lzkzc1VQRTNaNDlWRlkKa3NFMmRWRUNyVHR2RGtOdWR1anFvRThwZ0dGTllBdDBraExReWtvdGdYNnpsSzN2bXJhUkcydzQ3NFg2ekZ3bQpVMExoMXlLNUVHSUlYTWtKRzNuYTlLZDhrcm51WVlKaHVMZGNWeXdqWFZOZndNRjY1WDhpSnhCWm9MU3dLT1A3ClZBczB4TlZsVFZxRVVMNWp4Q0NUNXFYc09UNjJsblZVbEdXNXFoSlNuSDZWMjV1MGpsNFFXZXR0WGRZcE9MQmYKVjVrSTQ1WFRxTmc2NVg4bjRZY21QcHRPR3RoaytSZTRGcjJibDdCT3F2UlVZeEpNdmZtYnBpeDJZSXNJR0J2YQo2TFNrL0FlVldBNnkxdFd2eUN4cjRsdW5tZEZ3STlBTVdleUdjQkZ1aXhERjZsdkFKTHFERlV1NGh1dThUdC9sCkJUaGp4VVdsZ2YwVTl2WjVrQkYxOERyMWJ3V2NKNDVLL2tsanNqZlRoMEllUFdvQVp2b1BmMVhwdzVYWlVJcU4Ka0crL3lzNDlXeVJQTjFCdXNCVkpwd1VFeTRRZDdNSEhQNmF5MHo5UnR1UzFQSTU2cW9jSlI5Ty80NDlwaFluVwpmMGhBaVdjYnMyU0NmdmtuMjIxK3Y5UHZBanc4SUd6QVJLazFwTmxJSVhuMTZFMnFXZ1JrRkRwOEtJb3dpSms5CkhCbEFseGZTY1liZXhYeGZUWkltWm1PWTZlOVFMOWNaWGU5cjN2d1RoeDd1VTBoOXE1Q1JxTWEwb3JzZDNoR3AKdXlvektvU1pHQkY1MlNBSWVJQ21ERlE5TjZzK3NoZVBVUnIwdkFmTUF4bmZiNlEwc0hpWXJPY3JtcFlNRjUrNQp5RFAxMlUvWnZQM2xHaHc4UXRxVXZwMENBd0VBQWFOV01GUXdEZ1lEVlIwUEFRSC9CQVFEQWdXZ01CTUdBMVVkCkpRUU1NQW9HQ0NzR0FRVUZCd01DTUF3R0ExVWRFd0VCL3dRQ01BQXdId1lEVlIwakJCZ3dGb0FVOUFCbjJXRVMKUTJPLzlPSkNNN1p2Y3hzRStITXdEUVlKS29aSWh2Y05BUUVMQlFBRGdnSUJBSmlHY3UrbVdqd1NxZmJ6bUlOOAp3UE8yeHFhZUllOHkwL0dlYzJpTkJWK25BMnNhMWdINmx2T2VYcmM3b2dCb2QwM0FJVVo1K0YyYzZLUFM3bkZJCnZwNHJrU0xLOUpLbWRPYUpWVW1tcnUxbXlrQVRaSk1WL1RtVUtVSUJlckN0TVZSWi9VZEZmRGl3bFh4SThkYnAKaDhqNW53TGtRek5sUGFwbWE2TWl2ZEpqYVFmcHRkTlR5dU9TQTRmckJBdEczenFWZFB2S1RwcWdoamRKbWFrZgplN3RCZ3dubEVTZTFFUENTZHlzMVRQcWpZb0lYUVlwdzc5d2NmUCtVMGRLK1pNeEQyMEJodXI0Z2xZQkZKOGxMCkFTSC9WR1BUd2tYckFXY2ZPVkIxYUhiSHphOFA2M1l3VzVJZHIrU21qM0xVaXg5MTVDNXpJYWxWYktuaHp3elIKdVBLelR6aGV2MEtGZndkQzJNZUVkTWZCUzlNUDhYMnFhaGlXRVNlNFk0NkZjZmxiRDF0ZDFiUkEwdjlCUjBSRQpYZ0JBSlVZOUFROFpCdmIwbmFiQzdncDlSR2FoUjJuRklTMU1HRWtYMkYwek56Y3VEZ2IvN2VtbVhFZW9pOExUCmlLbkJMUWFBWFVxQzJyK0VjNm5UYlFjbUJrakU1a2xKOCtRenFkZW5RRUtjM1hNazBzT3ltMXVDM09odWhuOEUKcFhveW40dm12QjBoLzVOZXpuTnhBeWlkaTBKbEJIK2o1UDR3dHRrQ29sSmljUlc2RGZMcmdBSjZyVzQ0cE41QQpKWkNXR2tuanFKdjhOZWZrbXhQZnZSdHdQQjJ3R3VHMHRGMXYwaFhmd0wyQ0lIK1p4MDVqK1hMUXFCd0FWVnVoCklSTFpwaUR0cVErdDVVVmpRSGo3YzBFMQotLS0tLUVORCBDRVJUSUZJQ0FURS0tLS0tCg==",
                "client_key": "LS0tLS1CRUdJTiBSU0EgUFJJVkFURSBLRVktLS0tLQpNSUlKS0FJQkFBS0NBZ0VBME45aDl3Lzkzc1VQRTNaNDlWRllrc0UyZFZFQ3JUdHZEa051ZHVqcW9FOHBnR0ZOCllBdDBraExReWtvdGdYNnpsSzN2bXJhUkcydzQ3NFg2ekZ3bVUwTGgxeUs1RUdJSVhNa0pHM25hOUtkOGtybnUKWVlKaHVMZGNWeXdqWFZOZndNRjY1WDhpSnhCWm9MU3dLT1A3VkFzMHhOVmxUVnFFVUw1anhDQ1Q1cVhzT1Q2MgpsblZVbEdXNXFoSlNuSDZWMjV1MGpsNFFXZXR0WGRZcE9MQmZWNWtJNDVYVHFOZzY1WDhuNFljbVBwdE9HdGhrCitSZTRGcjJibDdCT3F2UlVZeEpNdmZtYnBpeDJZSXNJR0J2YTZMU2svQWVWV0E2eTF0V3Z5Q3hyNGx1bm1kRncKSTlBTVdleUdjQkZ1aXhERjZsdkFKTHFERlV1NGh1dThUdC9sQlRoanhVV2xnZjBVOXZaNWtCRjE4RHIxYndXYwpKNDVLL2tsanNqZlRoMEllUFdvQVp2b1BmMVhwdzVYWlVJcU5rRysveXM0OVd5UlBOMUJ1c0JWSnB3VUV5NFFkCjdNSEhQNmF5MHo5UnR1UzFQSTU2cW9jSlI5Ty80NDlwaFluV2YwaEFpV2NiczJTQ2Z2a24yMjErdjlQdkFqdzgKSUd6QVJLazFwTmxJSVhuMTZFMnFXZ1JrRkRwOEtJb3dpSms5SEJsQWx4ZlNjWWJleFh4ZlRaSW1abU9ZNmU5UQpMOWNaWGU5cjN2d1RoeDd1VTBoOXE1Q1JxTWEwb3JzZDNoR3B1eW96S29TWkdCRjUyU0FJZUlDbURGUTlONnMrCnNoZVBVUnIwdkFmTUF4bmZiNlEwc0hpWXJPY3JtcFlNRjUrNXlEUDEyVS9adlAzbEdodzhRdHFVdnAwQ0F3RUEKQVFLQ0FnRUFoSDJkNDV6R09WK2dYNFVmMXVTQm5aMW5rT1VSSUpkNXEzK0VlM0xsR1VqOWwweWhTeElaSUd0RQorM3d2LzF0Q1NFWkluVWUvSmJqeEtLWkEzdzU0MVFtd3ZjbHR3SUdlc2xSbkxZR1BMTzlzcXBtOEp5Z1FHcDVjCnVZTHE3OURxQlJmMWY4dXoremw0ME9Lc2QxT2Q0Y0sxOTBFeFgrN1J6WEhuVU1vbFp3SEtwTWt1QXFSc1FUR0IKb3VxNmNrQXRpTDdzdWYzYXUxOEY0YWJ1UU9KSHFBWVB5R1VLZktpa08xejhEQ2V4VDdjdHhRT01rU0RGaWM4OQorZXRCQzFtdWlhVmEvb3B0ZSt2cUx2VWg3a0VGQytWQ1hnZmxhSlR5UmlvSHRaN1AxQ2ExV25HcWcxejk2TENLCjJsMkVWRHdRZnNjeVMxbnZ1anRzMGxDSUF6UXNUWXo3QnQ3QlFsSSszNVZGVzFBanVZREwzSG1JaVAvL0NzY0gKeVlER01qa0JyT3pPendQemE1eXJHQTVzL3kyaDFWRHhXQmk5SGhsVzJPZWVKM3p1MTBtclFGZTBPRVZWL1pkcwp2UCtTdWJxQUprUm5FcWZRYTlnOXgvL3RhNlprL1d5SnJPa3ZKMThRNzdhRzY4K0t2TFhWVm8wSkJOV0hhTHBLCjBBQjhSc084dVZMMG9FaDljd1Z6UFplQ3grWnIvS2kxa3ltYitGYVArbWpHTDNwMXpocTV0SS9QdDNvSCtLZE8KelFoMUdWbEYvdmhYRlFyOFdUTm5hTTI5MXphQ29ZallmNmFWTDAvYUM1WTNpcTlaakU5RlNSUktuK2N6Z1QrSgpYdGdtNmY3UGZVU2RuSkJBcDZZaUhrMDhHWWJvSGFibWRxUzlWOTlHc1AvOTRyZU5BS0VDZ2dFQkFPS2tJbEZLClNCcERKWW5vbk9rUVNVREhaLzlqSkFKS0ZMaVRnZFBGeUhIeHZHQWRZNTMxcFVCOVArbHQ2eWoyNTl1dzRqbGYKaXIxR20vTGRxMnB5Z25SODhVZDBMeFh2eE45ZE1obkM0WGRQeUlyTktZVEpGQldxR1d0WTJUcVZZdS9TMFRqZQpwZzRhVzNiMXVJcGY2M0kvNG1wMEo1d1h2SWJ0QzVMWjFqd1N4ejNwYkRISlRuaktLSmxLTkVoNExyclV6RGR3CnRXbHhOdjFLd1BTK3RxY0g0cm5VQ0t0ZFZHNjIxVFRRM2phbURaUmRJRkVhVDdacUNCYjBFb0VsajIxSUh0cXgKdzNWKzV5U09xTUgvU0JMYlZ6bDREeWVua0Vvb3ZxR2xDdW5zR0ozeUdrYTFvem90ZG5ISFZPZTRZNGVSRnplRApWUDZJZ0UrOHJuKzJLN2tDZ2dFQkFPdnVBaHlHYk14ajlUb0RzTnN4TjhoZTJva1ZSbDhxZUFpbHE0SE9OanlaCno3c0NRU1BEZmlxd2syZUVDWVF3NXRnOHNhek8yRG9HTEVVUnJHVmpDc1ZwMkFPZmRvOVBPQXBUckx3Q1Z3NEYKRVVKUTlZVi9yUmpOank5Rk5mVWJpTzI3YUdQMk1YRDd3YjdKdkRwb252eXIvTWlUenFEaHlkKzNpU25oUnZNTwpnYmNyU25pZUNoQTF3TDNYSGNET0VsSE5OWGtGMHk0WW1WK0tjR3MreDllcDJ5TmFpOWg4Yk95WVVJVi9MdVRUClVsSFA1cGRYSnVuTW5wekIySmZOWmFKRCtPR0FGWE9CdTEwNnRhdjlwMlpFRTBua09BNjYvS1hZbmlxV0JrS20KVzBkeDJ3QW5BdzZiV1lHRTBhMUdKVHR2SXpCdk5Sdm10cnprODArUEJBVUNnZ0VBWUxyUzFzVVFYdjBYa1hPUgpQTHV4dUE4amFOR2tkY0d1ZEZTb2pYMFZudVFnbFJrV0FqM3NhTWpNTlZHdmswMUdDZkxGcXQwSE50OWpBZFh3CktqOXpSRXBySkNjSFRhS0c4Um95bnVJWkhyWVRqb0lmM1VlQTVmb3lYU21QbFR4YS9LYUttMjRUaTJOZWREaE4KcWVsa2NOK3BQK3dSVjhLZHVTeUV5d2xrTVVHR2Zmc1pMV3FRcm1jQnl1THJ5NTVYdTIvRk5VaEtkUlZYOWVVbwowNHh1SW4zd0c0WE9xV3pzODAvZlVXcHYzUDBrUUpVNmpNTGhFS2JTaXhGaXNISWFjL2JiREZYZ2FVNWZVcS84CmdNZjJ0KzJibmJDTEwwNkorOHpHQi9HTDVlalpYTmdPdE8wakhGcDQrZmlzV1RYT2JQYlU1T0dOcmhFT1NubnEKTkNISktRS0NBUUJJVERoRGE0SWRwQ2Y2cmpUZEJwa1VndFN2RzJEa09zeHJ3ZkRycHppQm01VEh0dW9sUG53RQpNdllJeTdKcTJ0MXl1QzZ1U1BpRDEyNXJmLzMzVjhGdU80QWhwQlVkMTJYUjdGQkxrT0FDZ05VSUlHME1pdEtOCmZqaDVnTmtIRW5nRWVlQ0VlV1l2UEViajQwZ1dFZ2RlWUlubklUdzVtdGRWQWhZN1NqaUd0UlJWQUNRakVETC8KUXFtY3d6WHY1blpBc1FUSTRGc1ZqaDQ1NDkrTlRjREp1dGhYWGlEcXB6NXR4a011bFluV1AxZkRrRlVXWFhPawpRN3I3U0gvS0RQd3ZIR3RCRnhIN3dtNmJKQ21WMmZZWlpaVVBtS3NCQUpYNWNJY1BmOGZOVnRNejhwVHMyQWVjCnkwaERZMk1wbVF4QnlVM2NRc2Znay9POXNOOUtxd1hOQW9JQkFHK3NSY0pYaC9NTVZ3ZXB3WmNXSHU0WmhFYjkKVlBodlNjbEVEOS95OWNqME9STFp2NVh6aFhISDVDNXZhT1N2UEVYSHo0djZrcnNIajB6QURyeTZTTjNWOHFpSQpVZkZDTDBHNEJBVDJOSEdCaEZQV0U2aUxET1Zuc1BSdVVONFZhd1U3eUxQVkRrYUE3UW5aT0pMMWl6VG56bXF3CitQNWN5bUY1c01xY3FZekI5WFRmcWRRWjRFSGg4UzJ5TnlYdzQrNnljY1BGZU1VZGVUSXI0UmJ2dFVqZzNBNlQKclJicFB3c0ViT1FlMTliZGQrYWhFTTErMUp3eXJ3OWptaEtPaTJSOXBlYWhVRlR2WExTeWN6c2VDaEphN2tBTwovWmNBNU1VUHlremE3MFdsVSs5eHZEdEs5enFTUTU5WWFQY1lpdm00d2dBZUdpV0FFc1g4TDNaQ2E2az0KLS0tLS1FTkQgUlNBIFBSSVZBVEUgS0VZLS0tLS0K",
                "cluster_ca_certificate": "LS0tLS1CRUdJTiBDRVJUSUZJQ0FURS0tLS0tCk1JSUU2VENDQXRHZ0F3SUJBZ0lSQU0rb2tGNU1XLytscDdoaHVEd3VpMHN3RFFZSktvWklodmNOQVFFTEJRQXcKRFRFTE1Ba0dBMVVFQXhNQ1kyRXdJQmNOTWpRd05URTFNREl3T1RJMldoZ1BNakExTkRBMU1UVXdNakU1TWpaYQpNQTB4Q3pBSkJnTlZCQU1UQW1OaE1JSUNJakFOQmdrcWhraUc5dzBCQVFFRkFBT0NBZzhBTUlJQ0NnS0NBZ0VBCm91b2k5TWVDOVk3QnJ3L0I4TnZ4cE5XN2lmQ2JEWHY3MVZhRUk1VHRCK3FGQ0FYT3B2ald1TWY1cHM1TWZNVFIKUTlRT29XNkRhSnJYYU8xczBvaFNwb3pwL3Y5OXN2NFh3Nk9kYmsxOW1vSHA4Szc4SG40T29PS3dPRjRCTWJMbQpXTXV3b0tKVEVVWE13NUs1cTZMc2QwMjhBc1FWT3k3MEN3anpsZ3V3bkVBeGRmRUN2cGZIdXh5clZhQmdTZC9jCkdOWEtGSlVWNnArWGZyV0ZVandOcnhpN0R3Vi93M1FVcVBEOTFGbm5iZzZENm41VmRTNDBWTzlLb1d6S3J0T2IKQjM4RGtnYU51UUhJZUVlVC8vS2VSTWJzZmN2VG1La3l4K0I2K0ozOWlTMS9peElFbmlnbzZWMFFiZXpYSlhuLwpZV0hqMkdQUEErMXVRQ05PQmpFRE1FRUl6MVlVWjJTVEM0T2R3OXZkbVRkWDRQdXJ5VG1KM1hidjhFblpOSXdFClQzdkhWa3p2VWtFTWc3Y0llZWl3ZWlPRW9WdFY5V2JJR1AyUlU4blhVRmI0dHpYdXpKWEFyRkZPMGlYVWJjUmYKZ3dKTGVQUnZla3JDUjRFb1hoOHNTYkFrSUlWV0tBSG11a2gxZjE1WUVRV1dvWXQwRHZXZ3BLWitYREovUSt5NgpGemZ6clJnVVRmV2hGQStzYm53TTJxVmVpdVBoU29YN1ZZWlRXRGczR0llU2hiakdBWWRJZ2ljcTQzeHUyOTYyCnlRcXpIOW9YcFgwTlQ0Z2FjcFN5bDEwVUc1dUpsSHF4ekFTaFA4a2o4SVNiNzVMVnh5SGtYbGZ1d1BBOXZHeWkKYldzdlBFM3g1NmJhNS9NdDhjQVNHcFdUaWNOcllNanZndCtoMlhwN3oza0NBd0VBQWFOQ01FQXdEZ1lEVlIwUApBUUgvQkFRREFnS2tNQThHQTFVZEV3RUIvd1FGTUFNQkFmOHdIUVlEVlIwT0JCWUVGUFFBWjlsaEVrTmp2L1RpClFqTzJiM01iQlBoek1BMEdDU3FHU0liM0RRRUJDd1VBQTRJQ0FRQW5CSjloam9hRzRDcUlGLy9QS3VUK0habWkKcXRlRXEvTmtBNXNjTW8xN1FRY0o2UmhlK0pOeXQ5SHVwNnRpR0hzdXhpWWxkdnZrV2krNXNubU5YMFJ5NW9QVApjL0lrY2VidkZJdExOWDduVTB0bTNTVlF4akJjL3FCc3EycjJxakZCcUtiaXlkRU5xZFhUUFBSclhsek1qcG9aCk5MK0s2RlZsdCtpeXN0SE9hYkJKM2RXb3VZL0VicUYvU2YxTzV0UDZJcWU4YlZwOXUvZ2ZrZ0wxd0FPTzBLNisKVTI2VWVNcHdzc0pYMlUxaHJZeVpaMDMzeG9YdU9wVUd3REEwdzk1bXExNUZYcUQ5MVUrcUFtalIxR1NFU3VsZQovKy83d3RNVWdpU284VWRUM05uSFc3Y2xlSDRDWld2UXdFdUZ3bDRIQ1U2eG1CeEdhVjNjVGQ2UWMyM1hqTEtQCkk0UXRKc3hNK1lxUWwzRHN6UDhrdTRETW1nTjZXL0xZb0RRMGZuQXlVRzNwYmJxVlMvS1lucU10TzJWczZqMkwKc3VlSkgrWlkydTM5b1UwR3h5MWV5SGxaKzh4Vzh1MUFHb1BBU1FFRDNRcGRCUWtsTElrNzV3NVF1TkFuMUk0SQpyZVgxTHp2WXVXRXNkYnNyRm1SMkpvVGlNRDJWTzZzR2UxNjdOUUNHcWpnN0lDdk1ORVBlcGxsbzhwekVidXN0Cjc3ZExwN09HNWdEb0llbXp6TjlOYUZwNnVGWmdvSkVtM2JJa0FnVWlQd0JUTWxyR2poaGR0Z1VVR05vcHBCRnYKUmtFU0l4OEs3TU0yMlZkTVFUdm4vS0lWaVFQeUtIWDdTWWl4T01ueWd0VUNXVkpFZVFzY3FpN1dBVkFzU2c3WQpNQ1VKdW9qVGF3ZnhKc2w5UXc9PQotLS0tLUVORCBDRVJUSUZJQ0FURS0tLS0tCg==",
                "host": "https://pconf-dev-southeastasia-3k5chf47.hcp.southeastasia.azmk8s.io:443",
                "password": "01rm0tle9iv7pg12xheqow46scpbw7nb1mwpmdnkvewimihek9j0a1wt91wyazhzqokeeugo6ojfa76q6i3weh6xbvi8wje18l5rozzkgdr4prbdzud4w4yy1rbbwdwr",
                "username": "clusterUser_pconf-dev-southeastasia_pconf-dev-southeastasia-aks"
              }
            ],
            "kube_config_raw": "apiVersion: v1\nclusters:\n- cluster:\n    certificate-authority-data: LS0tLS1CRUdJTiBDRVJUSUZJQ0FURS0tLS0tCk1JSUU2VENDQXRHZ0F3SUJBZ0lSQU0rb2tGNU1XLytscDdoaHVEd3VpMHN3RFFZSktvWklodmNOQVFFTEJRQXcKRFRFTE1Ba0dBMVVFQXhNQ1kyRXdJQmNOTWpRd05URTFNREl3T1RJMldoZ1BNakExTkRBMU1UVXdNakU1TWpaYQpNQTB4Q3pBSkJnTlZCQU1UQW1OaE1JSUNJakFOQmdrcWhraUc5dzBCQVFFRkFBT0NBZzhBTUlJQ0NnS0NBZ0VBCm91b2k5TWVDOVk3QnJ3L0I4TnZ4cE5XN2lmQ2JEWHY3MVZhRUk1VHRCK3FGQ0FYT3B2ald1TWY1cHM1TWZNVFIKUTlRT29XNkRhSnJYYU8xczBvaFNwb3pwL3Y5OXN2NFh3Nk9kYmsxOW1vSHA4Szc4SG40T29PS3dPRjRCTWJMbQpXTXV3b0tKVEVVWE13NUs1cTZMc2QwMjhBc1FWT3k3MEN3anpsZ3V3bkVBeGRmRUN2cGZIdXh5clZhQmdTZC9jCkdOWEtGSlVWNnArWGZyV0ZVandOcnhpN0R3Vi93M1FVcVBEOTFGbm5iZzZENm41VmRTNDBWTzlLb1d6S3J0T2IKQjM4RGtnYU51UUhJZUVlVC8vS2VSTWJzZmN2VG1La3l4K0I2K0ozOWlTMS9peElFbmlnbzZWMFFiZXpYSlhuLwpZV0hqMkdQUEErMXVRQ05PQmpFRE1FRUl6MVlVWjJTVEM0T2R3OXZkbVRkWDRQdXJ5VG1KM1hidjhFblpOSXdFClQzdkhWa3p2VWtFTWc3Y0llZWl3ZWlPRW9WdFY5V2JJR1AyUlU4blhVRmI0dHpYdXpKWEFyRkZPMGlYVWJjUmYKZ3dKTGVQUnZla3JDUjRFb1hoOHNTYkFrSUlWV0tBSG11a2gxZjE1WUVRV1dvWXQwRHZXZ3BLWitYREovUSt5NgpGemZ6clJnVVRmV2hGQStzYm53TTJxVmVpdVBoU29YN1ZZWlRXRGczR0llU2hiakdBWWRJZ2ljcTQzeHUyOTYyCnlRcXpIOW9YcFgwTlQ0Z2FjcFN5bDEwVUc1dUpsSHF4ekFTaFA4a2o4SVNiNzVMVnh5SGtYbGZ1d1BBOXZHeWkKYldzdlBFM3g1NmJhNS9NdDhjQVNHcFdUaWNOcllNanZndCtoMlhwN3oza0NBd0VBQWFOQ01FQXdEZ1lEVlIwUApBUUgvQkFRREFnS2tNQThHQTFVZEV3RUIvd1FGTUFNQkFmOHdIUVlEVlIwT0JCWUVGUFFBWjlsaEVrTmp2L1RpClFqTzJiM01iQlBoek1BMEdDU3FHU0liM0RRRUJDd1VBQTRJQ0FRQW5CSjloam9hRzRDcUlGLy9QS3VUK0habWkKcXRlRXEvTmtBNXNjTW8xN1FRY0o2UmhlK0pOeXQ5SHVwNnRpR0hzdXhpWWxkdnZrV2krNXNubU5YMFJ5NW9QVApjL0lrY2VidkZJdExOWDduVTB0bTNTVlF4akJjL3FCc3EycjJxakZCcUtiaXlkRU5xZFhUUFBSclhsek1qcG9aCk5MK0s2RlZsdCtpeXN0SE9hYkJKM2RXb3VZL0VicUYvU2YxTzV0UDZJcWU4YlZwOXUvZ2ZrZ0wxd0FPTzBLNisKVTI2VWVNcHdzc0pYMlUxaHJZeVpaMDMzeG9YdU9wVUd3REEwdzk1bXExNUZYcUQ5MVUrcUFtalIxR1NFU3VsZQovKy83d3RNVWdpU284VWRUM05uSFc3Y2xlSDRDWld2UXdFdUZ3bDRIQ1U2eG1CeEdhVjNjVGQ2UWMyM1hqTEtQCkk0UXRKc3hNK1lxUWwzRHN6UDhrdTRETW1nTjZXL0xZb0RRMGZuQXlVRzNwYmJxVlMvS1lucU10TzJWczZqMkwKc3VlSkgrWlkydTM5b1UwR3h5MWV5SGxaKzh4Vzh1MUFHb1BBU1FFRDNRcGRCUWtsTElrNzV3NVF1TkFuMUk0SQpyZVgxTHp2WXVXRXNkYnNyRm1SMkpvVGlNRDJWTzZzR2UxNjdOUUNHcWpnN0lDdk1ORVBlcGxsbzhwekVidXN0Cjc3ZExwN09HNWdEb0llbXp6TjlOYUZwNnVGWmdvSkVtM2JJa0FnVWlQd0JUTWxyR2poaGR0Z1VVR05vcHBCRnYKUmtFU0l4OEs3TU0yMlZkTVFUdm4vS0lWaVFQeUtIWDdTWWl4T01ueWd0VUNXVkpFZVFzY3FpN1dBVkFzU2c3WQpNQ1VKdW9qVGF3ZnhKc2w5UXc9PQotLS0tLUVORCBDRVJUSUZJQ0FURS0tLS0tCg==\n    server: https://pconf-dev-southeastasia-3k5chf47.hcp.southeastasia.azmk8s.io:443\n  name: pconf-dev-southeastasia-aks\ncontexts:\n- context:\n    cluster: pconf-dev-southeastasia-aks\n    user: clusterUser_pconf-dev-southeastasia_pconf-dev-southeastasia-aks\n  name: pconf-dev-southeastasia-aks\ncurrent-context: pconf-dev-southeastasia-aks\nkind: Config\npreferences: {}\nusers:\n- name: clusterUser_pconf-dev-southeastasia_pconf-dev-southeastasia-aks\n  user:\n    client-certificate-data: LS0tLS1CRUdJTiBDRVJUSUZJQ0FURS0tLS0tCk1JSUZIakNDQXdhZ0F3SUJBZ0lSQU5DcFYxWWZwWmpWM25lVlRsdG5OMUl3RFFZSktvWklodmNOQVFFTEJRQXcKRFRFTE1Ba0dBMVVFQXhNQ1kyRXdIaGNOTWpRd05URTFNREl3T1RJMldoY05Nall3TlRFMU1ESXhPVEkyV2pBdwpNUmN3RlFZRFZRUUtFdzV6ZVhOMFpXMDZiV0Z6ZEdWeWN6RVZNQk1HQTFVRUF4TU1iV0Z6ZEdWeVkyeHBaVzUwCk1JSUNJakFOQmdrcWhraUc5dzBCQVFFRkFBT0NBZzhBTUlJQ0NnS0NBZ0VBME45aDl3Lzkzc1VQRTNaNDlWRlkKa3NFMmRWRUNyVHR2RGtOdWR1anFvRThwZ0dGTllBdDBraExReWtvdGdYNnpsSzN2bXJhUkcydzQ3NFg2ekZ3bQpVMExoMXlLNUVHSUlYTWtKRzNuYTlLZDhrcm51WVlKaHVMZGNWeXdqWFZOZndNRjY1WDhpSnhCWm9MU3dLT1A3ClZBczB4TlZsVFZxRVVMNWp4Q0NUNXFYc09UNjJsblZVbEdXNXFoSlNuSDZWMjV1MGpsNFFXZXR0WGRZcE9MQmYKVjVrSTQ1WFRxTmc2NVg4bjRZY21QcHRPR3RoaytSZTRGcjJibDdCT3F2UlVZeEpNdmZtYnBpeDJZSXNJR0J2YQo2TFNrL0FlVldBNnkxdFd2eUN4cjRsdW5tZEZ3STlBTVdleUdjQkZ1aXhERjZsdkFKTHFERlV1NGh1dThUdC9sCkJUaGp4VVdsZ2YwVTl2WjVrQkYxOERyMWJ3V2NKNDVLL2tsanNqZlRoMEllUFdvQVp2b1BmMVhwdzVYWlVJcU4Ka0crL3lzNDlXeVJQTjFCdXNCVkpwd1VFeTRRZDdNSEhQNmF5MHo5UnR1UzFQSTU2cW9jSlI5Ty80NDlwaFluVwpmMGhBaVdjYnMyU0NmdmtuMjIxK3Y5UHZBanc4SUd6QVJLazFwTmxJSVhuMTZFMnFXZ1JrRkRwOEtJb3dpSms5CkhCbEFseGZTY1liZXhYeGZUWkltWm1PWTZlOVFMOWNaWGU5cjN2d1RoeDd1VTBoOXE1Q1JxTWEwb3JzZDNoR3AKdXlvektvU1pHQkY1MlNBSWVJQ21ERlE5TjZzK3NoZVBVUnIwdkFmTUF4bmZiNlEwc0hpWXJPY3JtcFlNRjUrNQp5RFAxMlUvWnZQM2xHaHc4UXRxVXZwMENBd0VBQWFOV01GUXdEZ1lEVlIwUEFRSC9CQVFEQWdXZ01CTUdBMVVkCkpRUU1NQW9HQ0NzR0FRVUZCd01DTUF3R0ExVWRFd0VCL3dRQ01BQXdId1lEVlIwakJCZ3dGb0FVOUFCbjJXRVMKUTJPLzlPSkNNN1p2Y3hzRStITXdEUVlKS29aSWh2Y05BUUVMQlFBRGdnSUJBSmlHY3UrbVdqd1NxZmJ6bUlOOAp3UE8yeHFhZUllOHkwL0dlYzJpTkJWK25BMnNhMWdINmx2T2VYcmM3b2dCb2QwM0FJVVo1K0YyYzZLUFM3bkZJCnZwNHJrU0xLOUpLbWRPYUpWVW1tcnUxbXlrQVRaSk1WL1RtVUtVSUJlckN0TVZSWi9VZEZmRGl3bFh4SThkYnAKaDhqNW53TGtRek5sUGFwbWE2TWl2ZEpqYVFmcHRkTlR5dU9TQTRmckJBdEczenFWZFB2S1RwcWdoamRKbWFrZgplN3RCZ3dubEVTZTFFUENTZHlzMVRQcWpZb0lYUVlwdzc5d2NmUCtVMGRLK1pNeEQyMEJodXI0Z2xZQkZKOGxMCkFTSC9WR1BUd2tYckFXY2ZPVkIxYUhiSHphOFA2M1l3VzVJZHIrU21qM0xVaXg5MTVDNXpJYWxWYktuaHp3elIKdVBLelR6aGV2MEtGZndkQzJNZUVkTWZCUzlNUDhYMnFhaGlXRVNlNFk0NkZjZmxiRDF0ZDFiUkEwdjlCUjBSRQpYZ0JBSlVZOUFROFpCdmIwbmFiQzdncDlSR2FoUjJuRklTMU1HRWtYMkYwek56Y3VEZ2IvN2VtbVhFZW9pOExUCmlLbkJMUWFBWFVxQzJyK0VjNm5UYlFjbUJrakU1a2xKOCtRenFkZW5RRUtjM1hNazBzT3ltMXVDM09odWhuOEUKcFhveW40dm12QjBoLzVOZXpuTnhBeWlkaTBKbEJIK2o1UDR3dHRrQ29sSmljUlc2RGZMcmdBSjZyVzQ0cE41QQpKWkNXR2tuanFKdjhOZWZrbXhQZnZSdHdQQjJ3R3VHMHRGMXYwaFhmd0wyQ0lIK1p4MDVqK1hMUXFCd0FWVnVoCklSTFpwaUR0cVErdDVVVmpRSGo3YzBFMQotLS0tLUVORCBDRVJUSUZJQ0FURS0tLS0tCg==\n    client-key-data: LS0tLS1CRUdJTiBSU0EgUFJJVkFURSBLRVktLS0tLQpNSUlKS0FJQkFBS0NBZ0VBME45aDl3Lzkzc1VQRTNaNDlWRllrc0UyZFZFQ3JUdHZEa051ZHVqcW9FOHBnR0ZOCllBdDBraExReWtvdGdYNnpsSzN2bXJhUkcydzQ3NFg2ekZ3bVUwTGgxeUs1RUdJSVhNa0pHM25hOUtkOGtybnUKWVlKaHVMZGNWeXdqWFZOZndNRjY1WDhpSnhCWm9MU3dLT1A3VkFzMHhOVmxUVnFFVUw1anhDQ1Q1cVhzT1Q2MgpsblZVbEdXNXFoSlNuSDZWMjV1MGpsNFFXZXR0WGRZcE9MQmZWNWtJNDVYVHFOZzY1WDhuNFljbVBwdE9HdGhrCitSZTRGcjJibDdCT3F2UlVZeEpNdmZtYnBpeDJZSXNJR0J2YTZMU2svQWVWV0E2eTF0V3Z5Q3hyNGx1bm1kRncKSTlBTVdleUdjQkZ1aXhERjZsdkFKTHFERlV1NGh1dThUdC9sQlRoanhVV2xnZjBVOXZaNWtCRjE4RHIxYndXYwpKNDVLL2tsanNqZlRoMEllUFdvQVp2b1BmMVhwdzVYWlVJcU5rRysveXM0OVd5UlBOMUJ1c0JWSnB3VUV5NFFkCjdNSEhQNmF5MHo5UnR1UzFQSTU2cW9jSlI5Ty80NDlwaFluV2YwaEFpV2NiczJTQ2Z2a24yMjErdjlQdkFqdzgKSUd6QVJLazFwTmxJSVhuMTZFMnFXZ1JrRkRwOEtJb3dpSms5SEJsQWx4ZlNjWWJleFh4ZlRaSW1abU9ZNmU5UQpMOWNaWGU5cjN2d1RoeDd1VTBoOXE1Q1JxTWEwb3JzZDNoR3B1eW96S29TWkdCRjUyU0FJZUlDbURGUTlONnMrCnNoZVBVUnIwdkFmTUF4bmZiNlEwc0hpWXJPY3JtcFlNRjUrNXlEUDEyVS9adlAzbEdodzhRdHFVdnAwQ0F3RUEKQVFLQ0FnRUFoSDJkNDV6R09WK2dYNFVmMXVTQm5aMW5rT1VSSUpkNXEzK0VlM0xsR1VqOWwweWhTeElaSUd0RQorM3d2LzF0Q1NFWkluVWUvSmJqeEtLWkEzdzU0MVFtd3ZjbHR3SUdlc2xSbkxZR1BMTzlzcXBtOEp5Z1FHcDVjCnVZTHE3OURxQlJmMWY4dXoremw0ME9Lc2QxT2Q0Y0sxOTBFeFgrN1J6WEhuVU1vbFp3SEtwTWt1QXFSc1FUR0IKb3VxNmNrQXRpTDdzdWYzYXUxOEY0YWJ1UU9KSHFBWVB5R1VLZktpa08xejhEQ2V4VDdjdHhRT01rU0RGaWM4OQorZXRCQzFtdWlhVmEvb3B0ZSt2cUx2VWg3a0VGQytWQ1hnZmxhSlR5UmlvSHRaN1AxQ2ExV25HcWcxejk2TENLCjJsMkVWRHdRZnNjeVMxbnZ1anRzMGxDSUF6UXNUWXo3QnQ3QlFsSSszNVZGVzFBanVZREwzSG1JaVAvL0NzY0gKeVlER01qa0JyT3pPendQemE1eXJHQTVzL3kyaDFWRHhXQmk5SGhsVzJPZWVKM3p1MTBtclFGZTBPRVZWL1pkcwp2UCtTdWJxQUprUm5FcWZRYTlnOXgvL3RhNlprL1d5SnJPa3ZKMThRNzdhRzY4K0t2TFhWVm8wSkJOV0hhTHBLCjBBQjhSc084dVZMMG9FaDljd1Z6UFplQ3grWnIvS2kxa3ltYitGYVArbWpHTDNwMXpocTV0SS9QdDNvSCtLZE8KelFoMUdWbEYvdmhYRlFyOFdUTm5hTTI5MXphQ29ZallmNmFWTDAvYUM1WTNpcTlaakU5RlNSUktuK2N6Z1QrSgpYdGdtNmY3UGZVU2RuSkJBcDZZaUhrMDhHWWJvSGFibWRxUzlWOTlHc1AvOTRyZU5BS0VDZ2dFQkFPS2tJbEZLClNCcERKWW5vbk9rUVNVREhaLzlqSkFKS0ZMaVRnZFBGeUhIeHZHQWRZNTMxcFVCOVArbHQ2eWoyNTl1dzRqbGYKaXIxR20vTGRxMnB5Z25SODhVZDBMeFh2eE45ZE1obkM0WGRQeUlyTktZVEpGQldxR1d0WTJUcVZZdS9TMFRqZQpwZzRhVzNiMXVJcGY2M0kvNG1wMEo1d1h2SWJ0QzVMWjFqd1N4ejNwYkRISlRuaktLSmxLTkVoNExyclV6RGR3CnRXbHhOdjFLd1BTK3RxY0g0cm5VQ0t0ZFZHNjIxVFRRM2phbURaUmRJRkVhVDdacUNCYjBFb0VsajIxSUh0cXgKdzNWKzV5U09xTUgvU0JMYlZ6bDREeWVua0Vvb3ZxR2xDdW5zR0ozeUdrYTFvem90ZG5ISFZPZTRZNGVSRnplRApWUDZJZ0UrOHJuKzJLN2tDZ2dFQkFPdnVBaHlHYk14ajlUb0RzTnN4TjhoZTJva1ZSbDhxZUFpbHE0SE9OanlaCno3c0NRU1BEZmlxd2syZUVDWVF3NXRnOHNhek8yRG9HTEVVUnJHVmpDc1ZwMkFPZmRvOVBPQXBUckx3Q1Z3NEYKRVVKUTlZVi9yUmpOank5Rk5mVWJpTzI3YUdQMk1YRDd3YjdKdkRwb252eXIvTWlUenFEaHlkKzNpU25oUnZNTwpnYmNyU25pZUNoQTF3TDNYSGNET0VsSE5OWGtGMHk0WW1WK0tjR3MreDllcDJ5TmFpOWg4Yk95WVVJVi9MdVRUClVsSFA1cGRYSnVuTW5wekIySmZOWmFKRCtPR0FGWE9CdTEwNnRhdjlwMlpFRTBua09BNjYvS1hZbmlxV0JrS20KVzBkeDJ3QW5BdzZiV1lHRTBhMUdKVHR2SXpCdk5Sdm10cnprODArUEJBVUNnZ0VBWUxyUzFzVVFYdjBYa1hPUgpQTHV4dUE4amFOR2tkY0d1ZEZTb2pYMFZudVFnbFJrV0FqM3NhTWpNTlZHdmswMUdDZkxGcXQwSE50OWpBZFh3CktqOXpSRXBySkNjSFRhS0c4Um95bnVJWkhyWVRqb0lmM1VlQTVmb3lYU21QbFR4YS9LYUttMjRUaTJOZWREaE4KcWVsa2NOK3BQK3dSVjhLZHVTeUV5d2xrTVVHR2Zmc1pMV3FRcm1jQnl1THJ5NTVYdTIvRk5VaEtkUlZYOWVVbwowNHh1SW4zd0c0WE9xV3pzODAvZlVXcHYzUDBrUUpVNmpNTGhFS2JTaXhGaXNISWFjL2JiREZYZ2FVNWZVcS84CmdNZjJ0KzJibmJDTEwwNkorOHpHQi9HTDVlalpYTmdPdE8wakhGcDQrZmlzV1RYT2JQYlU1T0dOcmhFT1NubnEKTkNISktRS0NBUUJJVERoRGE0SWRwQ2Y2cmpUZEJwa1VndFN2RzJEa09zeHJ3ZkRycHppQm01VEh0dW9sUG53RQpNdllJeTdKcTJ0MXl1QzZ1U1BpRDEyNXJmLzMzVjhGdU80QWhwQlVkMTJYUjdGQkxrT0FDZ05VSUlHME1pdEtOCmZqaDVnTmtIRW5nRWVlQ0VlV1l2UEViajQwZ1dFZ2RlWUlubklUdzVtdGRWQWhZN1NqaUd0UlJWQUNRakVETC8KUXFtY3d6WHY1blpBc1FUSTRGc1ZqaDQ1NDkrTlRjREp1dGhYWGlEcXB6NXR4a011bFluV1AxZkRrRlVXWFhPawpRN3I3U0gvS0RQd3ZIR3RCRnhIN3dtNmJKQ21WMmZZWlpaVVBtS3NCQUpYNWNJY1BmOGZOVnRNejhwVHMyQWVjCnkwaERZMk1wbVF4QnlVM2NRc2Znay9POXNOOUtxd1hOQW9JQkFHK3NSY0pYaC9NTVZ3ZXB3WmNXSHU0WmhFYjkKVlBodlNjbEVEOS95OWNqME9STFp2NVh6aFhISDVDNXZhT1N2UEVYSHo0djZrcnNIajB6QURyeTZTTjNWOHFpSQpVZkZDTDBHNEJBVDJOSEdCaEZQV0U2aUxET1Zuc1BSdVVONFZhd1U3eUxQVkRrYUE3UW5aT0pMMWl6VG56bXF3CitQNWN5bUY1c01xY3FZekI5WFRmcWRRWjRFSGg4UzJ5TnlYdzQrNnljY1BGZU1VZGVUSXI0UmJ2dFVqZzNBNlQKclJicFB3c0ViT1FlMTliZGQrYWhFTTErMUp3eXJ3OWptaEtPaTJSOXBlYWhVRlR2WExTeWN6c2VDaEphN2tBTwovWmNBNU1VUHlremE3MFdsVSs5eHZEdEs5enFTUTU5WWFQY1lpdm00d2dBZUdpV0FFc1g4TDNaQ2E2az0KLS0tLS1FTkQgUlNBIFBSSVZBVEUgS0VZLS0tLS0K\n    token: 01rm0tle9iv7pg12xheqow46scpbw7nb1mwpmdnkvewimihek9j0a1wt91wyazhzqokeeugo6ojfa76q6i3weh6xbvi8wje18l5rozzkgdr4prbdzud4w4yy1rbbwdwr\n",
            "kubelet_identity": [
              {
                "client_id": "3424cf8a-304f-4914-a21b-c539b9a36558",
                "object_id": "8ccc84a5-f34b-4595-8c57-417d2b017068",
                "user_assigned_identity_id": "/subscriptions/df142d14-6f36-4598-8bc2-bd45ae81e77e/resourceGroups/MC_pconf-dev-southeastasia_pconf-dev-southeastasia-aks_southeastasia/providers/Microsoft.ManagedIdentity/userAssignedIdentities/pconf-dev-southeastasia-aks-agentpool"
              }
            ],
            "kubernetes_version": "1.28",
            "linux_profile": [],
            "local_account_disabled": false,
            "location": "southeastasia",
            "maintenance_window": [],
            "maintenance_window_auto_upgrade": [],
            "maintenance_window_node_os": [],
            "microsoft_defender": [],
            "monitor_metrics": [],
            "name": "pconf-dev-southeastasia-aks",
            "network_profile": [
              {
                "dns_service_ip": "10.0.0.10",
                "docker_bridge_cidr": "",
                "ebpf_data_plane": "",
                "ip_versions": [
                  "IPv4"
                ],
                "load_balancer_profile": [
                  {
                    "effective_outbound_ips": [
                      "/subscriptions/df142d14-6f36-4598-8bc2-bd45ae81e77e/resourceGroups/MC_pconf-dev-southeastasia_pconf-dev-southeastasia-aks_southeastasia/providers/Microsoft.Network/publicIPAddresses/1be14e9f-46cd-4ab0-8d5a-bc3f12dafacd"
                    ],
                    "idle_timeout_in_minutes": 0,
                    "managed_outbound_ip_count": 1,
                    "managed_outbound_ipv6_count": 0,
                    "outbound_ip_address_ids": [],
                    "outbound_ip_prefix_ids": [],
                    "outbound_ports_allocated": 0
                  }
                ],
                "load_balancer_sku": "standard",
                "nat_gateway_profile": [],
                "network_mode": "",
                "network_plugin": "kubenet",
                "network_plugin_mode": "",
                "network_policy": "calico",
                "outbound_type": "loadBalancer",
                "pod_cidr": "10.244.0.0/16",
                "pod_cidrs": [
                  "10.244.0.0/16"
                ],
                "service_cidr": "10.0.0.0/16",
                "service_cidrs": [
                  "10.0.0.0/16"
                ]
              }
            ],
            "node_os_channel_upgrade": null,
            "node_resource_group": "MC_pconf-dev-southeastasia_pconf-dev-southeastasia-aks_southeastasia",
            "node_resource_group_id": "/subscriptions/df142d14-6f36-4598-8bc2-bd45ae81e77e/resourceGroups/MC_pconf-dev-southeastasia_pconf-dev-southeastasia-aks_southeastasia",
            "oidc_issuer_enabled": false,
            "oidc_issuer_url": "",
            "oms_agent": [
              {
                "log_analytics_workspace_id": "/subscriptions/df142d14-6f36-4598-8bc2-bd45ae81e77e/resourceGroups/pconf-dev-southeastasia/providers/Microsoft.OperationalInsights/workspaces/pconf-dev-southeastasia-workspace",
                "msi_auth_for_monitoring_enabled": false,
                "oms_agent_identity": [
                  {
                    "client_id": "e69132eb-f902-4796-b3c4-4b7d06a9c626",
                    "object_id": "39f3c394-58a2-4c66-b0eb-99b9829fe89c",
                    "user_assigned_identity_id": "/subscriptions/df142d14-6f36-4598-8bc2-bd45ae81e77e/resourcegroups/MC_pconf-dev-southeastasia_pconf-dev-southeastasia-aks_southeastasia/providers/Microsoft.ManagedIdentity/userAssignedIdentities/omsagent-pconf-dev-southeastasia-aks"
                  }
                ]
              }
            ],
            "open_service_mesh_enabled": false,
            "portal_fqdn": "pconf-dev-southeastasia-3k5chf47.portal.hcp.southeastasia.azmk8s.io",
            "private_cluster_enabled": false,
            "private_cluster_public_fqdn_enabled": false,
            "private_dns_zone_id": null,
            "private_fqdn": "",
            "public_network_access_enabled": true,
            "resource_group_name": "pconf-dev-southeastasia",
            "role_based_access_control_enabled": false,
            "run_command_enabled": true,
            "service_mesh_profile": [],
            "service_principal": [],
            "sku_tier": "Free",
            "storage_profile": [],
            "support_plan": "KubernetesOfficial",
            "tags": {},
            "timeouts": null,
            "web_app_routing": [],
            "windows_profile": [],
            "workload_autoscaler_profile": [],
            "workload_identity_enabled": false
          },
          "sensitive_attributes": [],
          "private": "eyJlMmJmYjczMC1lY2FhLTExZTYtOGY4OC0zNDM2M2JjN2M0YzAiOnsiY3JlYXRlIjo1NDAwMDAwMDAwMDAwLCJkZWxldGUiOjU0MDAwMDAwMDAwMDAsInJlYWQiOjMwMDAwMDAwMDAwMCwidXBkYXRlIjo1NDAwMDAwMDAwMDAwfSwic2NoZW1hX3ZlcnNpb24iOiIyIn0=",
          "dependencies": [
            "azurerm_resource_group.resource_group",
            "module.aks_cluster.azurerm_log_analytics_workspace.main",
            "module.aks_cluster.data.azurerm_resource_group.main",
            "module.aks_cluster.null_resource.kubernetes_cluster_name_keeper",
            "module.aks_cluster.tls_private_key.ssh"
          ]
        }
      ]
    },
    {
      "module": "module.aks_cluster",
      "mode": "managed",
      "type": "azurerm_log_analytics_solution",
      "name": "main",
      "provider": "provider[\"registry.terraform.io/hashicorp/azurerm\"]",
      "instances": [
        {
          "index_key": 0,
          "schema_version": 1,
          "attributes": {
            "id": "/subscriptions/df142d14-6f36-4598-8bc2-bd45ae81e77e/resourceGroups/pconf-dev-southeastasia/providers/Microsoft.OperationsManagement/solutions/ContainerInsights(pconf-dev-southeastasia-workspace)",
            "location": "southeastasia",
            "plan": [
              {
                "name": "ContainerInsights(pconf-dev-southeastasia-workspace)",
                "product": "OMSGallery/ContainerInsights",
                "promotion_code": "",
                "publisher": "Microsoft"
              }
            ],
            "resource_group_name": "pconf-dev-southeastasia",
            "solution_name": "ContainerInsights",
            "tags": {},
            "timeouts": null,
            "workspace_name": "pconf-dev-southeastasia-workspace",
            "workspace_resource_id": "/subscriptions/df142d14-6f36-4598-8bc2-bd45ae81e77e/resourceGroups/pconf-dev-southeastasia/providers/Microsoft.OperationalInsights/workspaces/pconf-dev-southeastasia-workspace"
          },
          "sensitive_attributes": [],
          "private": "eyJlMmJmYjczMC1lY2FhLTExZTYtOGY4OC0zNDM2M2JjN2M0YzAiOnsiY3JlYXRlIjoxODAwMDAwMDAwMDAwLCJkZWxldGUiOjE4MDAwMDAwMDAwMDAsInJlYWQiOjMwMDAwMDAwMDAwMCwidXBkYXRlIjoxODAwMDAwMDAwMDAwfSwic2NoZW1hX3ZlcnNpb24iOiIxIn0=",
          "dependencies": [
            "azurerm_resource_group.resource_group",
            "module.aks_cluster.azurerm_log_analytics_workspace.main",
            "module.aks_cluster.data.azurerm_log_analytics_workspace.main",
            "module.aks_cluster.data.azurerm_resource_group.main"
          ]
        }
      ]
    },
    {
      "module": "module.aks_cluster",
      "mode": "managed",
      "type": "azurerm_log_analytics_workspace",
      "name": "main",
      "provider": "provider[\"registry.terraform.io/hashicorp/azurerm\"]",
      "instances": [
        {
          "index_key": 0,
          "schema_version": 3,
          "attributes": {
            "allow_resource_only_permissions": true,
            "cmk_for_query_forced": false,
            "daily_quota_gb": -1,
            "data_collection_rule_id": "",
            "id": "/subscriptions/df142d14-6f36-4598-8bc2-bd45ae81e77e/resourceGroups/pconf-dev-southeastasia/providers/Microsoft.OperationalInsights/workspaces/pconf-dev-southeastasia-workspace",
            "identity": [],
            "immediate_data_purge_on_30_days_enabled": false,
            "internet_ingestion_enabled": true,
            "internet_query_enabled": true,
            "local_authentication_disabled": false,
            "location": "southeastasia",
            "name": "pconf-dev-southeastasia-workspace",
            "primary_shared_key": "2hoXKaBIRjSYA1AJEGzOgKxttJYaHu2Y4Lu7KAaPs+UZxRkM13PVY3+uKd0MWe+mUwQx/YVglg/5Pj5Op0Ud0A==",
            "reservation_capacity_in_gb_per_day": null,
            "resource_group_name": "pconf-dev-southeastasia",
            "retention_in_days": 30,
            "secondary_shared_key": "//9q6J6ZQN6lOq0oYZUA4eEYVSQWywN6VNzu21JYhE/LWOIQiPoVaLS31QA1kWnyQ5TmC5Ci17QKcBdV0nJe8g==",
            "sku": "PerGB2018",
            "tags": {},
            "timeouts": null,
            "workspace_id": "08353604-add7-4817-8a2d-589757aec905"
          },
          "sensitive_attributes": [],
          "private": "eyJlMmJmYjczMC1lY2FhLTExZTYtOGY4OC0zNDM2M2JjN2M0YzAiOnsiY3JlYXRlIjoxODAwMDAwMDAwMDAwLCJkZWxldGUiOjE4MDAwMDAwMDAwMDAsInJlYWQiOjMwMDAwMDAwMDAwMCwidXBkYXRlIjoxODAwMDAwMDAwMDAwfSwic2NoZW1hX3ZlcnNpb24iOiIzIn0=",
          "dependencies": [
            "azurerm_resource_group.resource_group",
            "module.aks_cluster.data.azurerm_resource_group.main"
          ],
          "create_before_destroy": true
        }
      ]
    },
    {
      "module": "module.aks_cluster",
      "mode": "managed",
      "type": "null_resource",
      "name": "kubernetes_cluster_name_keeper",
      "provider": "provider[\"registry.terraform.io/hashicorp/null\"]",
      "instances": [
        {
          "schema_version": 0,
          "attributes": {
            "id": "5022657814014392051",
            "triggers": {
              "name": "pconf-dev-southeastasia-aks"
            }
          },
          "sensitive_attributes": [],
          "dependencies": [
            "azurerm_resource_group.resource_group"
          ],
          "create_before_destroy": true
        }
      ]
    },
    {
      "module": "module.aks_cluster",
      "mode": "managed",
      "type": "null_resource",
      "name": "kubernetes_version_keeper",
      "provider": "provider[\"registry.terraform.io/hashicorp/null\"]",
      "instances": [
        {
          "schema_version": 0,
          "attributes": {
            "id": "2254497066044952079",
            "triggers": {
              "version": null
            }
          },
          "sensitive_attributes": [],
          "dependencies": [
            "azurerm_resource_group.resource_group"
          ],
          "create_before_destroy": true
        }
      ]
    }
  ],
  "check_results": [
    {
      "object_kind": "resource",
      "config_addr": "module.aks_cluster.azurerm_role_assignment.application_gateway_byo_vnet_network_contributor",
      "status": "pass",
      "objects": null
    },
    {
      "object_kind": "resource",
      "config_addr": "module.aks_cluster.azurerm_role_assignment.application_gateway_existing_vnet_network_contributor",
      "status": "pass",
      "objects": null
    },
    {
      "object_kind": "resource",
      "config_addr": "module.aks_cluster.azurerm_role_assignment.network_contributor_on_subnet",
      "status": "pass",
      "objects": null
    },
    {
      "object_kind": "resource",
      "config_addr": "module.aks_cluster.azurerm_log_analytics_workspace.main",
      "status": "pass",
      "objects": [
        {
          "object_addr": "module.aks_cluster.azurerm_log_analytics_workspace.main[0]",
          "status": "pass"
        }
      ]
    },
    {
      "object_kind": "resource",
      "config_addr": "module.aks_cluster.azurerm_role_assignment.network_contributor",
      "status": "pass",
      "objects": null
    },
    {
      "object_kind": "resource",
      "config_addr": "module.aks_cluster.azurerm_kubernetes_cluster_node_pool.node_pool_create_before_destroy",
      "status": "pass",
      "objects": null
    },
    {
      "object_kind": "resource",
      "config_addr": "module.aks_cluster.azurerm_kubernetes_cluster_node_pool.node_pool_create_after_destroy",
      "status": "pass",
      "objects": null
    },
    {
      "object_kind": "resource",
      "config_addr": "module.aks_cluster.azurerm_role_assignment.existing_application_gateway_contributor",
      "status": "pass",
      "objects": null
    },
    {
      "object_kind": "resource",
      "config_addr": "module.aks_cluster.azurerm_kubernetes_cluster.main",
      "status": "pass",
      "objects": [
        {
          "object_addr": "module.aks_cluster.azurerm_kubernetes_cluster.main",
          "status": "pass"
        }
      ]
    }
  ]
}
